<?xml version="1.0" encoding="utf-8"?>
<Project ToolsVersion="4.0" xmlns="http://schemas.microsoft.com/developer/msbuild/2003">
  <ItemGroup>
    <Filter Include="Source Files">
      <UniqueIdentifier>{4FC737F1-C7A5-4376-A066-2A32D752A2FF}</UniqueIdentifier>
      <Extensions>cpp;c;cc;cxx;def;odl;idl;hpj;bat;asm;asmx</Extensions>
    </Filter>
    <Filter Include="Header Files">
      <UniqueIdentifier>{93995380-89BD-4b04-88EB-625FBE52EBFB}</UniqueIdentifier>
      <Extensions>h;hh;hpp;hxx;hm;inl;inc;ipp;xsd</Extensions>
    </Filter>
    <Filter Include="Resource Files">
      <UniqueIdentifier>{67DA6AB6-F800-4c08-8B7A-83BB121AAD01}</UniqueIdentifier>
      <Extensions>rc;ico;cur;bmp;dlg;rc2;rct;bin;rgs;gif;jpg;jpeg;jpe;resx;tiff;tif;png;wav;mfcribbon-ms</Extensions>
    </Filter>
  </ItemGroup>
  <ItemGroup>
    <ClInclude Include="stdafx.h">
      <Filter>Header Files</Filter>
    </ClInclude>
    <ClInclude Include="targetver.h">
      <Filter>Header Files</Filter>
    </ClInclude>
    <ClInclude Include="Zone.h">
      <Filter>Header Files</Filter>
    </ClInclude>
    <ClInclude Include="Agent.h">
      <Filter>Header Files</Filter>
    </ClInclude>
    <ClInclude Include="Condition.h">
      <Filter>Header Files</Filter>
    </ClInclude>
    <ClInclude Include="Filter.h">
      <Filter>Header Files</Filter>
    </ClInclude>
    <ClInclude Include="Node.h">
      <Filter>Header Files</Filter>
    </ClInclude>
    <ClInclude Include="TimedNode.h">
      <Filter>Header Files</Filter>
    </ClInclude>
    <ClInclude Include="Action.h">
      <Filter>Header Files</Filter>
    </ClInclude>
    <ClInclude Include="Sequence.h">
      <Filter>Header Files</Filter>
    </ClInclude>
    <ClInclude Include="ZoneFilter.h">
      <Filter>Header Files</Filter>
    </ClInclude>
    <ClInclude Include="LogicConditions.h">
      <Filter>Header Files</Filter>
    </ClInclude>
    <ClInclude Include="Composite.h">
      <Filter>Header Files</Filter>
    </ClInclude>
    <ClInclude Include="Decorator.h">
      <Filter>Header Files</Filter>
    </ClInclude>
    <ClInclude Include="Factory.h">
      <Filter>Header Files</Filter>
    </ClInclude>
    <ClInclude Include="Registry.h">
      <Filter>Header Files</Filter>
    </ClInclude>
    <ClInclude Include="Inverter.h">
      <Filter>Header Files</Filter>
    </ClInclude>
    <ClInclude Include="Succeed.h">
      <Filter>Header Files</Filter>
    </ClInclude>
    <ClInclude Include="Parallel.h">
      <Filter>Header Files</Filter>
    </ClInclude>
    <ClInclude Include="Priority.h">
      <Filter>Header Files</Filter>
    </ClInclude>
    <ClInclude Include="Fail.h">
      <Filter>Header Files</Filter>
    </ClInclude>
    <ClInclude Include="Limit.h">
      <Filter>Header Files</Filter>
    </ClInclude>
    <ClInclude Include="LastFilter.h">
      <Filter>Header Files</Filter>
    </ClInclude>
    <ClInclude Include="Root.h">
      <Filter>Header Files</Filter>
    </ClInclude>
    <ClInclude Include="Loader.h">
      <Filter>Header Files</Filter>
    </ClInclude>
    <ClInclude Include="FilterCondition.h">
      <Filter>Header Files</Filter>
    </ClInclude>
    <ClInclude Include="FirstFilter.h">
      <Filter>Header Files</Filter>
    </ClInclude>
    <ClInclude Include="AiDefines.h">
      <Filter>Header Files</Filter>
    </ClInclude>
    <ClInclude Include="Repeater.h">
      <Filter>Header Files</Filter>
    </ClInclude>
    <ClInclude Include="UntilFail.h">
      <Filter>Header Files</Filter>
    </ClInclude>
    <ClInclude Include="BevaviorCache.h">
      <Filter>Header Files</Filter>
    </ClInclude>
    <ClInclude Include="UntilSuccess.h">
      <Filter>Header Files</Filter>
    </ClInclude>
    <ClInclude Include="Context.h">
      <Filter>Header Files</Filter>
    </ClInclude>
    <ClInclude Include="HasSelection.h">
      <Filter>Header Files</Filter>
    </ClInclude>
    <ClInclude Include="Dump.h">
      <Filter>Header Files</Filter>
    </ClInclude>
    <ClInclude Include="LuaLoader.h">
      <Filter>Header Files</Filter>
    </ClInclude>
  </ItemGroup>
  <ItemGroup>
    <ClCompile Include="stdafx.cpp">
      <Filter>Source Files</Filter>
    </ClCompile>
    <ClCompile Include="Zone.cpp">
      <Filter>Source Files</Filter>
    </ClCompile>
    <ClCompile Include="Agent.cpp">
      <Filter>Source Files</Filter>
    </ClCompile>
    <ClCompile Include="Condition.cpp">
      <Filter>Source Files</Filter>
    </ClCompile>
    <ClCompile Include="Filter.cpp">
      <Filter>Source Files</Filter>
    </ClCompile>
    <ClCompile Include="Node.cpp">
      <Filter>Source Files</Filter>
    </ClCompile>
    <ClCompile Include="TimedNode.cpp">
      <Filter>Source Files</Filter>
    </ClCompile>
    <ClCompile Include="Action.cpp">
      <Filter>Source Files</Filter>
    </ClCompile>
    <ClCompile Include="Sequence.cpp">
      <Filter>Source Files</Filter>
    </ClCompile>
    <ClCompile Include="ZoneFilter.cpp">
      <Filter>Source Files</Filter>
    </ClCompile>
    <ClCompile Include="LogicConditions.cpp">
      <Filter>Source Files</Filter>
    </ClCompile>
    <ClCompile Include="Composite.cpp">
      <Filter>Source Files</Filter>
    </ClCompile>
    <ClCompile Include="Decorator.cpp">
      <Filter>Source Files</Filter>
    </ClCompile>
    <ClCompile Include="Registry.cpp">
      <Filter>Source Files</Filter>
    </ClCompile>
    <ClCompile Include="Inverter.cpp">
      <Filter>Source Files</Filter>
    </ClCompile>
    <ClCompile Include="Succeed.cpp">
      <Filter>Source Files</Filter>
    </ClCompile>
    <ClCompile Include="Parallel.cpp">
      <Filter>Source Files</Filter>
    </ClCompile>
    <ClCompile Include="Priority.cpp">
      <Filter>Source Files</Filter>
    </ClCompile>
    <ClCompile Include="Fail.cpp">
      <Filter>Source Files</Filter>
    </ClCompile>
    <ClCompile Include="Limit.cpp">
      <Filter>Source Files</Filter>
    </ClCompile>
    <ClCompile Include="LastFilter.cpp">
      <Filter>Source Files</Filter>
    </ClCompile>
    <ClCompile Include="Root.cpp">
      <Filter>Source Files</Filter>
    </ClCompile>
    <ClCompile Include="Loader.cpp">
      <Filter>Source Files</Filter>
    </ClCompile>
    <ClCompile Include="FilterCondition.cpp">
      <Filter>Source Files</Filter>
    </ClCompile>
    <ClCompile Include="FirstFilter.cpp">
      <Filter>Source Files</Filter>
    </ClCompile>
    <ClCompile Include="Repeater.cpp">
      <Filter>Source Files</Filter>
    </ClCompile>
    <ClCompile Include="UntilFail.cpp">
      <Filter>Source Files</Filter>
    </ClCompile>
    <ClCompile Include="BevaviorCache.cpp">
      <Filter>Source Files</Filter>
    </ClCompile>
    <ClCompile Include="UntilSuccess.cpp">
      <Filter>Source Files</Filter>
    </ClCompile>
    <ClCompile Include="HasSelection.cpp">
      <Filter>Source Files</Filter>
    </ClCompile>
    <ClCompile Include="Dump.cpp">
      <Filter>Source Files</Filter>
    </ClCompile>
    <ClCompile Include="LuaLoader.cpp">
      <Filter>Source Files</Filter>
    </ClCompile>
  </ItemGroup>
  <ItemGroup>
    <None Include="cpp.hint" />
  </ItemGroup>
</Project>