<?xml version="1.0" encoding="UTF-8" standalone="yes" ?>
<CodeBlocks_project_file>
	<FileVersion major="1" minor="6" />
	<Project>
		<Option title="abclient" />
		<Option pch_mode="2" />
		<Option compiler="clang" />
		<Build>
			<Target title="Debug">
				<Option output="bin/fw_d" prefix_auto="1" extension_auto="1" />
				<Option working_dir="bin" />
				<Option object_output="obj/Debug/" />
				<Option type="0" />
				<Option compiler="clang" />
				<Compiler>
					<Add option="-g" />
					<Add option="-D_DEBUG" />
				</Compiler>
				<Linker>
					<Add directory="../Lib/x64/Debug" />
				</Linker>
			</Target>
			<Target title="Release">
				<Option output="bin/fw" prefix_auto="1" extension_auto="1" />
				<Option working_dir="bin" />
				<Option object_output="obj/Release/" />
				<Option type="0" />
				<Option compiler="clang" />
				<Compiler>
					<Add option="-O2" />
					<Add option="-DNDEBUG" />
				</Compiler>
				<Linker>
					<Add option="-s" />
					<Add directory="../Lib/x64/Release" />
				</Linker>
			</Target>
		</Build>
		<Compiler>
			<Add option="-m64" />
			<Add option="-Wall" />
			<Add directory="../Include" />
			<Add directory="../libabclient/libabclient" />
			<Add directory="../Include/Urho3D" />
			<Add directory="../Include/Urho3D/ThirdParty" />
		</Compiler>
		<Linker>
			<Add option="-m64" />
			<Add library="libabclient" />
			<Add library="Urho3D" />
			<Add directory="../Lib" />
		</Linker>
		<Unit filename="abclient/AbEvents.h" />
		<Unit filename="abclient/Actor.cpp" />
		<Unit filename="abclient/Actor.h" />
		<Unit filename="abclient/AntiRE.h" />
		<Unit filename="abclient/AudioManager.cpp" />
		<Unit filename="abclient/AudioManager.h" />
		<Unit filename="abclient/BaseLevel.cpp" />
		<Unit filename="abclient/BaseLevel.h" />
		<Unit filename="abclient/CharCreateLevel.cpp" />
		<Unit filename="abclient/CharCreateLevel.h" />
		<Unit filename="abclient/CharSelectLevel.cpp" />
		<Unit filename="abclient/CharSelectLevel.h" />
		<Unit filename="abclient/ChatWindow.cpp" />
		<Unit filename="abclient/ChatWindow.h" />
		<Unit filename="abclient/ClientApp.cpp" />
		<Unit filename="abclient/ClientApp.h" />
		<Unit filename="abclient/Config.h" />
		<Unit filename="abclient/CreateAccountLevel.cpp" />
		<Unit filename="abclient/CreateAccountLevel.h" />
		<Unit filename="abclient/CreditsWindow.cpp" />
		<Unit filename="abclient/CreditsWindow.h" />
		<Unit filename="abclient/Defines.h" />
		<Unit filename="abclient/EffectsWindow.cpp" />
		<Unit filename="abclient/EffectsWindow.h" />
		<Unit filename="abclient/Extrapolator.h" />
		<Unit filename="abclient/FriendListWindow.cpp" />
		<Unit filename="abclient/FriendListWindow.h" />
		<Unit filename="abclient/FwClient.cpp" />
		<Unit filename="abclient/FwClient.h" />
		<Unit filename="abclient/GameMenu.cpp" />
		<Unit filename="abclient/GameMenu.h" />
		<Unit filename="abclient/GameMessagesWindow.cpp" />
		<Unit filename="abclient/GameMessagesWindow.h" />
		<Unit filename="abclient/GameObject.cpp" />
		<Unit filename="abclient/GameObject.h" />
		<Unit filename="abclient/HealthBar.cpp" />
		<Unit filename="abclient/HealthBar.h" />
		<Unit filename="abclient/HealthBarPlain.cpp" />
		<Unit filename="abclient/HealthBarPlain.h" />
		<Unit filename="abclient/HelperThread.h" />
		<Unit filename="abclient/HotkeyEdit.cpp" />
		<Unit filename="abclient/HotkeyEdit.h" />
		<Unit filename="abclient/InventoryWindow.cpp" />
		<Unit filename="abclient/InventoryWindow.h" />
		<Unit filename="abclient/Item.cpp" />
		<Unit filename="abclient/Item.h" />
		<Unit filename="abclient/ItemsCache.cpp" />
		<Unit filename="abclient/ItemsCache.h" />
		<Unit filename="abclient/LevelManager.cpp" />
		<Unit filename="abclient/LevelManager.h" />
		<Unit filename="abclient/LoginLevel.cpp" />
		<Unit filename="abclient/LoginLevel.h" />
		<Unit filename="abclient/MailWindow.cpp" />
		<Unit filename="abclient/MailWindow.h" />
		<Unit filename="abclient/MapWindow.cpp" />
		<Unit filename="abclient/MapWindow.h" />
		<Unit filename="abclient/MathUtils.h" />
		<Unit filename="abclient/MissionMapWindow.cpp" />
		<Unit filename="abclient/MissionMapWindow.h" />
		<Unit filename="abclient/MultiLineEdit.cpp" />
		<Unit filename="abclient/MultiLineEdit.h" />
		<Unit filename="abclient/Mumble.cpp" />
		<Unit filename="abclient/Mumble.h" />
		<Unit filename="abclient/NewMailWindow.cpp" />
		<Unit filename="abclient/NewMailWindow.h" />
		<Unit filename="abclient/Options.cpp" />
		<Unit filename="abclient/Options.h" />
		<Unit filename="abclient/OptionsWindow.cpp" />
		<Unit filename="abclient/OptionsWindow.h" />
		<Unit filename="abclient/OutpostLevel.cpp" />
		<Unit filename="abclient/OutpostLevel.h" />
		<Unit filename="abclient/PartyItem.cpp" />
		<Unit filename="abclient/PartyItem.h" />
		<Unit filename="abclient/PartyWindow.cpp" />
		<Unit filename="abclient/PartyWindow.h" />
		<Unit filename="abclient/PingDot.cpp" />
		<Unit filename="abclient/PingDot.h" />
		<Unit filename="abclient/Player.cpp" />
		<Unit filename="abclient/Player.h" />
		<Unit filename="abclient/PostProcessController.cpp" />
		<Unit filename="abclient/PostProcessController.h" />
		<Unit filename="abclient/PvpCombatLevel.cpp" />
		<Unit filename="abclient/PvpCombatLevel.h" />
		<Unit filename="abclient/Shortcuts.cpp" />
		<Unit filename="abclient/Shortcuts.h" />
		<Unit filename="abclient/SkillBarWindow.cpp" />
		<Unit filename="abclient/SkillBarWindow.h" />
		<Unit filename="abclient/SkillManager.cpp" />
		<Unit filename="abclient/SkillManager.h" />
		<Unit filename="abclient/TabGroup.cpp" />
		<Unit filename="abclient/TabGroup.h" />
		<Unit filename="abclient/TargetWindow.cpp" />
		<Unit filename="abclient/TargetWindow.h" />
		<Unit filename="abclient/WindowManager.cpp" />
		<Unit filename="abclient/WindowManager.h" />
		<Unit filename="abclient/WorldLevel.cpp" />
		<Unit filename="abclient/WorldLevel.h" />
		<Unit filename="abclient/resource.h" />
		<Unit filename="abclient/stdafx.cpp" />
		<Unit filename="abclient/stdafx.h" />
		<Unit filename="abclient/targetver.h" />
		<Extensions>
			<envvars />
			<code_completion />
			<debugger />
			<lib_finder disable_auto="1" />
		</Extensions>
	</Project>
</CodeBlocks_project_file>
