
Microsoft Visual Studio Solution File, Format Version 12.00
# Visual Studio Version 16
VisualStudioVersion = 16.0.29709.97
MinimumVisualStudioVersion = 10.0.40219.1
Project("{8BC9CEB8-8B4A-11D0-8D11-00A0C91BC942}") = "abclient", "abclient\abclient.vcxproj", "{2D4F9870-167C-395B-BA9D-808FB189F43B}"
EndProject
Project("{8BC9CEB8-8B4A-11D0-8D11-00A0C91BC942}") = "libabclient", "..\libabclient\libabclient\libabclient.vcxproj", "{093FA600-C39D-400D-8A12-9E71E636066A}"
EndProject
Project("{8BC9CEB8-8B4A-11D0-8D11-00A0C91BC942}") = "abshared", "..\abshared\abshared\abshared.vcxproj", "{C9DA8A32-C94C-49CD-9734-5BBF037E0F23}"
EndProject
Global
	GlobalSection(SolutionConfigurationPlatforms) = preSolution
		Debug|x64 = Debug|x64
		Release|x64 = Release|x64
		RelWithDebInfo|x64 = RelWithDebInfo|x64
	EndGlobalSection
	GlobalSection(ProjectConfigurationPlatforms) = postSolution
		{2D4F9870-167C-395B-BA9D-808FB189F43B}.Debug|x64.ActiveCfg = Debug|x64
		{2D4F9870-167C-395B-BA9D-808FB189F43B}.Debug|x64.Build.0 = Debug|x64
		{2D4F9870-167C-395B-BA9D-808FB189F43B}.Release|x64.ActiveCfg = Release|x64
		{2D4F9870-167C-395B-BA9D-808FB189F43B}.Release|x64.Build.0 = Release|x64
		{2D4F9870-167C-395B-BA9D-808FB189F43B}.RelWithDebInfo|x64.ActiveCfg = RelWithDebInfo|x64
		{2D4F9870-167C-395B-BA9D-808FB189F43B}.RelWithDebInfo|x64.Build.0 = RelWithDebInfo|x64
		{093FA600-C39D-400D-8A12-9E71E636066A}.Debug|x64.ActiveCfg = Debug|x64
		{093FA600-C39D-400D-8A12-9E71E636066A}.Debug|x64.Build.0 = Debug|x64
		{093FA600-C39D-400D-8A12-9E71E636066A}.Release|x64.ActiveCfg = Release|x64
		{093FA600-C39D-400D-8A12-9E71E636066A}.Release|x64.Build.0 = Release|x64
		{093FA600-C39D-400D-8A12-9E71E636066A}.RelWithDebInfo|x64.ActiveCfg = Release|x64
		{093FA600-C39D-400D-8A12-9E71E636066A}.RelWithDebInfo|x64.Build.0 = Release|x64
		{C9DA8A32-C94C-49CD-9734-5BBF037E0F23}.Debug|x64.ActiveCfg = Debug|x64
		{C9DA8A32-C94C-49CD-9734-5BBF037E0F23}.Debug|x64.Build.0 = Debug|x64
		{C9DA8A32-C94C-49CD-9734-5BBF037E0F23}.Release|x64.ActiveCfg = Release|x64
		{C9DA8A32-C94C-49CD-9734-5BBF037E0F23}.Release|x64.Build.0 = Release|x64
		{C9DA8A32-C94C-49CD-9734-5BBF037E0F23}.RelWithDebInfo|x64.ActiveCfg = Release|x64
		{C9DA8A32-C94C-49CD-9734-5BBF037E0F23}.RelWithDebInfo|x64.Build.0 = Release|x64
	EndGlobalSection
	GlobalSection(SolutionProperties) = preSolution
		HideSolutionNode = FALSE
	EndGlobalSection
	GlobalSection(ExtensibilityGlobals) = postSolution
		SolutionGuid = {3E2015DB-94C7-4928-BA69-4677681B1C24}
	EndGlobalSection
EndGlobal
