<?xml version="1.0" encoding="utf-8"?>
<Project ToolsVersion="4.0" xmlns="http://schemas.microsoft.com/developer/msbuild/2003">
  <ItemGroup>
    <Filter Include="Header Files">
      <UniqueIdentifier>{e89e4e49-9785-4c68-b90e-39e5e90d8424}</UniqueIdentifier>
      <Extensions>h;hh;hpp;hxx;hm;inl;inc;xsd</Extensions>
    </Filter>
    <Filter Include="Source Files">
      <UniqueIdentifier>{e54e7cfe-b405-45e7-ba26-5ba3e25c671a}</UniqueIdentifier>
      <Extensions>cpp;c;cc;cxx;def;odl;idl;hpj;bat;asm;asmx</Extensions>
    </Filter>
    <Filter Include="Resource Files">
      <UniqueIdentifier>{54afda1f-f21b-48e4-8905-29a7baebcb5c}</UniqueIdentifier>
      <Extensions>rc;ico;cur;bmp;dlg;rc2;rct;bin;rgs;gif;jpg;jpeg;jpe;resx;tiff;tif;png;wav;mfcribbon-ms</Extensions>
    </Filter>
  </ItemGroup>
  <ItemGroup>
    <ClInclude Include="resource.h">
      <Filter>Header Files</Filter>
    </ClInclude>
    <ClInclude Include="LevelManager.h">
      <Filter>Header Files</Filter>
    </ClInclude>
    <ClInclude Include="stdafx.h">
      <Filter>Header Files</Filter>
    </ClInclude>
    <ClInclude Include="targetver.h">
      <Filter>Header Files</Filter>
    </ClInclude>
    <ClInclude Include="BaseLevel.h">
      <Filter>Header Files</Filter>
    </ClInclude>
    <ClInclude Include="LoginLevel.h">
      <Filter>Header Files</Filter>
    </ClInclude>
    <ClInclude Include="Config.h">
      <Filter>Header Files</Filter>
    </ClInclude>
    <ClInclude Include="FwClient.h">
      <Filter>Header Files</Filter>
    </ClInclude>
    <ClInclude Include="Player.h">
      <Filter>Header Files</Filter>
    </ClInclude>
    <ClInclude Include="ClientApp.h">
      <Filter>Header Files</Filter>
    </ClInclude>
    <ClInclude Include="OutpostLevel.h">
      <Filter>Header Files</Filter>
    </ClInclude>
    <ClInclude Include="PvpCombatLevel.h">
      <Filter>Header Files</Filter>
    </ClInclude>
    <ClInclude Include="CharSelectLevel.h">
      <Filter>Header Files</Filter>
    </ClInclude>
    <ClInclude Include="CharCreateLevel.h">
      <Filter>Header Files</Filter>
    </ClInclude>
    <ClInclude Include="WorldLevel.h">
      <Filter>Header Files</Filter>
    </ClInclude>
    <ClInclude Include="Options.h">
      <Filter>Header Files</Filter>
    </ClInclude>
    <ClInclude Include="Actor.h">
      <Filter>Header Files</Filter>
    </ClInclude>
    <ClInclude Include="GameObject.h">
      <Filter>Header Files</Filter>
    </ClInclude>
    <ClInclude Include="ChatWindow.h">
      <Filter>Header Files</Filter>
    </ClInclude>
    <ClInclude Include="MathUtils.h">
      <Filter>Header Files</Filter>
    </ClInclude>
    <ClInclude Include="CreateAccountLevel.h">
      <Filter>Header Files</Filter>
    </ClInclude>
    <ClInclude Include="GameMenu.h">
      <Filter>Header Files</Filter>
    </ClInclude>
    <ClInclude Include="PingDot.h">
      <Filter>Header Files</Filter>
    </ClInclude>
    <ClInclude Include="TabGroup.h">
      <Filter>Header Files</Filter>
    </ClInclude>
    <ClInclude Include="TargetWindow.h">
      <Filter>Header Files</Filter>
    </ClInclude>
    <ClInclude Include="MailWindow.h">
      <Filter>Header Files</Filter>
    </ClInclude>
    <ClInclude Include="PostProcessController.h">
      <Filter>Header Files</Filter>
    </ClInclude>
    <ClInclude Include="MapWindow.h">
      <Filter>Header Files</Filter>
    </ClInclude>
    <ClInclude Include="PartyWindow.h">
      <Filter>Header Files</Filter>
    </ClInclude>
    <ClInclude Include="OptionsWindow.h">
      <Filter>Header Files</Filter>
    </ClInclude>
    <ClInclude Include="HealthBar.h">
      <Filter>Header Files</Filter>
    </ClInclude>
    <ClInclude Include="Item.h">
      <Filter>Header Files</Filter>
    </ClInclude>
    <ClInclude Include="ItemsCache.h">
      <Filter>Header Files</Filter>
    </ClInclude>
    <ClInclude Include="Defines.h">
      <Filter>Header Files</Filter>
    </ClInclude>
    <ClInclude Include="Shortcuts.h">
      <Filter>Header Files</Filter>
    </ClInclude>
    <ClInclude Include="WindowManager.h">
      <Filter>Header Files</Filter>
    </ClInclude>
    <ClInclude Include="MultiLineEdit.h">
      <Filter>Header Files</Filter>
    </ClInclude>
    <ClInclude Include="NewMailWindow.h">
      <Filter>Header Files</Filter>
    </ClInclude>
    <ClInclude Include="MissionMapWindow.h">
      <Filter>Header Files</Filter>
    </ClInclude>
    <ClInclude Include="HotkeyEdit.h">
      <Filter>Header Files</Filter>
    </ClInclude>
    <ClInclude Include="SkillBarWindow.h">
      <Filter>Header Files</Filter>
    </ClInclude>
    <ClInclude Include="FriendListWindow.h">
      <Filter>Header Files</Filter>
    </ClInclude>
    <ClInclude Include="GameMessagesWindow.h">
      <Filter>Header Files</Filter>
    </ClInclude>
    <ClInclude Include="EffectsWindow.h">
      <Filter>Header Files</Filter>
    </ClInclude>
    <ClInclude Include="Mumble.h">
      <Filter>Header Files</Filter>
    </ClInclude>
    <ClInclude Include="AudioManager.h">
      <Filter>Header Files</Filter>
    </ClInclude>
    <ClInclude Include="CreditsWindow.h">
      <Filter>Header Files</Filter>
    </ClInclude>
    <ClInclude Include="PartyItem.h">
      <Filter>Header Files</Filter>
    </ClInclude>
    <ClInclude Include="SkillManager.h">
      <Filter>Header Files</Filter>
    </ClInclude>
    <ClInclude Include="InventoryWindow.h">
      <Filter>Header Files</Filter>
    </ClInclude>
    <ClInclude Include="DialogWindow.h">
      <Filter>Header Files</Filter>
    </ClInclude>
    <ClInclude Include="AccountChestDialog.h">
      <Filter>Header Files</Filter>
    </ClInclude>
    <ClInclude Include="ClientPrediction.h">
      <Filter>Header Files</Filter>
    </ClInclude>
    <ClInclude Include="FormatText.h">
      <Filter>Header Files</Filter>
    </ClInclude>
    <ClInclude Include="ShortcutEvents.h">
      <Filter>Header Files</Filter>
    </ClInclude>
    <ClInclude Include="ServerEvents.h">
      <Filter>Header Files</Filter>
    </ClInclude>
    <ClInclude Include="InternalEvents.h">
      <Filter>Header Files</Filter>
    </ClInclude>
    <ClInclude Include="GuildWindow.h">
      <Filter>Header Files</Filter>
    </ClInclude>
    <ClInclude Include="AddAccountKeyDialog.h">
      <Filter>Header Files</Filter>
    </ClInclude>
    <ClInclude Include="Spinner.h">
      <Filter>Header Files</Filter>
    </ClInclude>
    <ClInclude Include="SkillsWindow.h">
      <Filter>Header Files</Filter>
    </ClInclude>
    <ClInclude Include="EquipmentWindow.h">
      <Filter>Header Files</Filter>
    </ClInclude>
    <ClInclude Include="TemplateEvaluator.h">
      <Filter>Header Files</Filter>
    </ClInclude>
    <ClInclude Include="ConfirmDeleteCharacter.h">
      <Filter>Header Files</Filter>
    </ClInclude>
    <ClInclude Include="FilePicker.h">
      <Filter>Header Files</Filter>
    </ClInclude>
    <ClInclude Include="ValueBar.h">
      <Filter>Header Files</Filter>
    </ClInclude>
    <ClInclude Include="SkillCostElement.h">
      <Filter>Header Files</Filter>
    </ClInclude>
    <ClInclude Include="ActorResourceBar.h">
      <Filter>Header Files</Filter>
    </ClInclude>
    <ClInclude Include="DamageWindow.h">
      <Filter>Header Files</Filter>
    </ClInclude>
    <ClInclude Include="ChatFilter.h">
      <Filter>Header Files</Filter>
    </ClInclude>
    <ClInclude Include="NumberInputBox.h">
      <Filter>Header Files</Filter>
    </ClInclude>
    <ClInclude Include="TradeDialog.h">
      <Filter>Header Files</Filter>
    </ClInclude>
    <ClInclude Include="ItemUIElement.h">
      <Filter>Header Files</Filter>
    </ClInclude>
    <ClInclude Include="InputBox.h">
      <Filter>Header Files</Filter>
    </ClInclude>
    <ClInclude Include="Conversions.h">
      <Filter>Header Files</Filter>
    </ClInclude>
    <ClInclude Include="MerchantWindow.h">
      <Filter>Header Files</Filter>
    </ClInclude>
    <ClInclude Include="CraftsmanWindow.h">
      <Filter>Header Files</Filter>
    </ClInclude>
    <ClInclude Include="PriceUIElement.h">
      <Filter>Header Files</Filter>
    </ClInclude>
    <ClInclude Include="ItemStatsUIElement.h">
      <Filter>Header Files</Filter>
    </ClInclude>
  </ItemGroup>
  <ItemGroup>
    <ClCompile Include="LevelManager.cpp">
      <Filter>Source Files</Filter>
    </ClCompile>
    <ClCompile Include="stdafx.cpp">
      <Filter>Source Files</Filter>
    </ClCompile>
    <ClCompile Include="BaseLevel.cpp">
      <Filter>Source Files</Filter>
    </ClCompile>
    <ClCompile Include="LoginLevel.cpp">
      <Filter>Source Files</Filter>
    </ClCompile>
    <ClCompile Include="FwClient.cpp">
      <Filter>Source Files</Filter>
    </ClCompile>
    <ClCompile Include="Player.cpp">
      <Filter>Source Files</Filter>
    </ClCompile>
    <ClCompile Include="ClientApp.cpp">
      <Filter>Source Files</Filter>
    </ClCompile>
    <ClCompile Include="OutpostLevel.cpp">
      <Filter>Source Files</Filter>
    </ClCompile>
    <ClCompile Include="PvpCombatLevel.cpp">
      <Filter>Source Files</Filter>
    </ClCompile>
    <ClCompile Include="CharSelectLevel.cpp">
      <Filter>Source Files</Filter>
    </ClCompile>
    <ClCompile Include="CharCreateLevel.cpp">
      <Filter>Source Files</Filter>
    </ClCompile>
    <ClCompile Include="WorldLevel.cpp">
      <Filter>Source Files</Filter>
    </ClCompile>
    <ClCompile Include="Options.cpp">
      <Filter>Source Files</Filter>
    </ClCompile>
    <ClCompile Include="Actor.cpp">
      <Filter>Source Files</Filter>
    </ClCompile>
    <ClCompile Include="GameObject.cpp">
      <Filter>Source Files</Filter>
    </ClCompile>
    <ClCompile Include="ChatWindow.cpp">
      <Filter>Source Files</Filter>
    </ClCompile>
    <ClCompile Include="CreateAccountLevel.cpp">
      <Filter>Source Files</Filter>
    </ClCompile>
    <ClCompile Include="GameMenu.cpp">
      <Filter>Source Files</Filter>
    </ClCompile>
    <ClCompile Include="PingDot.cpp">
      <Filter>Source Files</Filter>
    </ClCompile>
    <ClCompile Include="TabGroup.cpp">
      <Filter>Source Files</Filter>
    </ClCompile>
    <ClCompile Include="TargetWindow.cpp">
      <Filter>Source Files</Filter>
    </ClCompile>
    <ClCompile Include="MailWindow.cpp">
      <Filter>Source Files</Filter>
    </ClCompile>
    <ClCompile Include="PostProcessController.cpp">
      <Filter>Source Files</Filter>
    </ClCompile>
    <ClCompile Include="MapWindow.cpp">
      <Filter>Source Files</Filter>
    </ClCompile>
    <ClCompile Include="PartyWindow.cpp">
      <Filter>Source Files</Filter>
    </ClCompile>
    <ClCompile Include="OptionsWindow.cpp">
      <Filter>Source Files</Filter>
    </ClCompile>
    <ClCompile Include="HealthBar.cpp">
      <Filter>Source Files</Filter>
    </ClCompile>
    <ClCompile Include="Item.cpp">
      <Filter>Source Files</Filter>
    </ClCompile>
    <ClCompile Include="ItemsCache.cpp">
      <Filter>Source Files</Filter>
    </ClCompile>
    <ClCompile Include="Shortcuts.cpp">
      <Filter>Source Files</Filter>
    </ClCompile>
    <ClCompile Include="WindowManager.cpp">
      <Filter>Source Files</Filter>
    </ClCompile>
    <ClCompile Include="MultiLineEdit.cpp">
      <Filter>Source Files</Filter>
    </ClCompile>
    <ClCompile Include="NewMailWindow.cpp">
      <Filter>Source Files</Filter>
    </ClCompile>
    <ClCompile Include="MissionMapWindow.cpp">
      <Filter>Source Files</Filter>
    </ClCompile>
    <ClCompile Include="HotkeyEdit.cpp">
      <Filter>Source Files</Filter>
    </ClCompile>
    <ClCompile Include="SkillBarWindow.cpp">
      <Filter>Source Files</Filter>
    </ClCompile>
    <ClCompile Include="FriendListWindow.cpp">
      <Filter>Source Files</Filter>
    </ClCompile>
    <ClCompile Include="GameMessagesWindow.cpp">
      <Filter>Source Files</Filter>
    </ClCompile>
    <ClCompile Include="EffectsWindow.cpp">
      <Filter>Source Files</Filter>
    </ClCompile>
    <ClCompile Include="Mumble.cpp">
      <Filter>Source Files</Filter>
    </ClCompile>
    <ClCompile Include="AudioManager.cpp">
      <Filter>Source Files</Filter>
    </ClCompile>
    <ClCompile Include="CreditsWindow.cpp">
      <Filter>Source Files</Filter>
    </ClCompile>
    <ClCompile Include="PartyItem.cpp">
      <Filter>Source Files</Filter>
    </ClCompile>
    <ClCompile Include="SkillManager.cpp">
      <Filter>Source Files</Filter>
    </ClCompile>
    <ClCompile Include="InventoryWindow.cpp">
      <Filter>Source Files</Filter>
    </ClCompile>
    <ClCompile Include="DialogWindow.cpp">
      <Filter>Source Files</Filter>
    </ClCompile>
    <ClCompile Include="AccountChestDialog.cpp">
      <Filter>Source Files</Filter>
    </ClCompile>
    <ClCompile Include="ClientPrediction.cpp">
      <Filter>Source Files</Filter>
    </ClCompile>
    <ClCompile Include="FormatText.cpp">
      <Filter>Source Files</Filter>
    </ClCompile>
    <ClCompile Include="GuildWindow.cpp">
      <Filter>Source Files</Filter>
    </ClCompile>
    <ClCompile Include="AddAccountKeyDialog.cpp">
      <Filter>Source Files</Filter>
    </ClCompile>
    <ClCompile Include="Spinner.cpp">
      <Filter>Source Files</Filter>
    </ClCompile>
    <ClCompile Include="SkillsWindow.cpp">
      <Filter>Source Files</Filter>
    </ClCompile>
    <ClCompile Include="EquipmentWindow.cpp">
      <Filter>Source Files</Filter>
    </ClCompile>
    <ClCompile Include="TemplateEvaluator.cpp">
      <Filter>Source Files</Filter>
    </ClCompile>
    <ClCompile Include="ConfirmDeleteCharacter.cpp">
      <Filter>Source Files</Filter>
    </ClCompile>
    <ClCompile Include="FilePicker.cpp">
      <Filter>Source Files</Filter>
    </ClCompile>
    <ClCompile Include="ValueBar.cpp">
      <Filter>Source Files</Filter>
    </ClCompile>
    <ClCompile Include="SkillCostElement.cpp">
      <Filter>Source Files</Filter>
    </ClCompile>
    <ClCompile Include="ActorResourceBar.cpp">
      <Filter>Source Files</Filter>
    </ClCompile>
    <ClCompile Include="DamageWindow.cpp">
      <Filter>Source Files</Filter>
    </ClCompile>
    <ClCompile Include="ChatFilter.cpp">
      <Filter>Source Files</Filter>
    </ClCompile>
    <ClCompile Include="NumberInputBox.cpp">
      <Filter>Source Files</Filter>
    </ClCompile>
    <ClCompile Include="TradeDialog.cpp">
      <Filter>Source Files</Filter>
    </ClCompile>
    <ClCompile Include="ItemUIElement.cpp">
      <Filter>Source Files</Filter>
    </ClCompile>
    <ClCompile Include="InputBox.cpp">
      <Filter>Source Files</Filter>
    </ClCompile>
    <ClCompile Include="Conversions.cpp">
      <Filter>Source Files</Filter>
    </ClCompile>
    <ClCompile Include="MerchantWindow.cpp">
      <Filter>Source Files</Filter>
    </ClCompile>
    <ClCompile Include="CraftsmanWindow.cpp">
      <Filter>Source Files</Filter>
    </ClCompile>
    <ClCompile Include="PriceUIElement.cpp">
      <Filter>Source Files</Filter>
    </ClCompile>
    <ClCompile Include="ItemStatsUIElement.cpp">
      <Filter>Source Files</Filter>
    </ClCompile>
  </ItemGroup>
  <ItemGroup>
    <Image Include="abclient.ico">
      <Filter>Resource Files</Filter>
    </Image>
  </ItemGroup>
  <ItemGroup>
    <ResourceCompile Include="abclient.rc">
      <Filter>Resource Files</Filter>
    </ResourceCompile>
  </ItemGroup>
</Project>