<?xml version="1.0" encoding="UTF-8" standalone="yes" ?>
<CodeBlocks_project_file>
	<FileVersion major="1" minor="6" />
	<Project>
		<Option title="absmath" />
		<Option pch_mode="2" />
		<Option compiler="clang" />
		<Build>
			<Target title="Debug">
				<Option output="../Lib/x64/Debug/absmath" prefix_auto="1" extension_auto="1" />
				<Option working_dir="" />
				<Option object_output="obj/Debug/" />
				<Option type="2" />
				<Option compiler="clang" />
				<Option createDefFile="1" />
				<Compiler>
					<Add option="-Wall" />
					<Add option="-g" />
					<Add option="-D_DEBUG" />
				</Compiler>
			</Target>
			<Target title="Release">
				<Option output="../Lib/x64/Release/absmath" prefix_auto="1" extension_auto="1" />
				<Option working_dir="" />
				<Option object_output="obj/Release/" />
				<Option type="2" />
				<Option compiler="clang" />
				<Option createDefFile="1" />
				<Compiler>
					<Add option="-O3" />
					<Add option="-Wall" />
					<Add option="-DNDEBUG" />
				</Compiler>
				<Linker>
					<Add option="-s" />
				</Linker>
			</Target>
		</Build>
		<Compiler>
			<Add option="-m64" />
			<Add option="-std=c++17" />
			<Add directory="../Include" />
			<Add directory="../Include/XMath" />
		</Compiler>
		<Linker>
			<Add option="-m64" />
		</Linker>
		<Unit filename="absmath/BoundingBox.cpp" />
		<Unit filename="absmath/BoundingBox.h" />
		<Unit filename="absmath/CollisionShape.h" />
		<Unit filename="absmath/ConvexHull.cpp" />
		<Unit filename="absmath/ConvexHull.h" />
		<Unit filename="absmath/Frustum.cpp" />
		<Unit filename="absmath/Frustum.h" />
		<Unit filename="absmath/Gjk.cpp" />
		<Unit filename="absmath/Gjk.h" />
		<Unit filename="absmath/HeightMap.cpp" />
		<Unit filename="absmath/HeightMap.h" />
		<Unit filename="absmath/Hull.cpp" />
		<Unit filename="absmath/Hull.h" />
		<Unit filename="absmath/Line.h" />
		<Unit filename="absmath/MathConfig.h" />
		<Unit filename="absmath/MathDefs.h" />
		<Unit filename="absmath/MathUtils.h" />
		<Unit filename="absmath/Matrix4.cpp" />
		<Unit filename="absmath/Matrix4.h" />
		<Unit filename="absmath/Plane.cpp" />
		<Unit filename="absmath/Plane.h" />
		<Unit filename="absmath/Point.h" />
		<Unit filename="absmath/Quaternion.cpp" />
		<Unit filename="absmath/Quaternion.h" />
		<Unit filename="absmath/Ray.cpp" />
		<Unit filename="absmath/Ray.h" />
		<Unit filename="absmath/Rect.h" />
		<Unit filename="absmath/Shape.cpp" />
		<Unit filename="absmath/Shape.h" />
		<Unit filename="absmath/Sphere.cpp" />
		<Unit filename="absmath/Sphere.h" />
		<Unit filename="absmath/Transformation.cpp" />
		<Unit filename="absmath/Transformation.h" />
		<Unit filename="absmath/Vector3.cpp" />
		<Unit filename="absmath/Vector3.h" />
		<Unit filename="absmath/Vector4.cpp" />
		<Unit filename="absmath/Vector4.h" />
		<Unit filename="absmath/stdafx.cpp" />
		<Unit filename="absmath/stdafx.h" />
		<Unit filename="absmath/targetver.h" />
		<Extensions>
			<envvars />
			<code_completion />
			<debugger />
		</Extensions>
	</Project>
</CodeBlocks_project_file>
