<?xml version="1.0" encoding="UTF-8" standalone="yes" ?>
<CodeBlocks_project_file>
	<FileVersion major="1" minor="6" />
	<Project>
		<Option title="abserv" />
		<Option pch_mode="2" />
		<Option compiler="clang" />
		<Build>
			<Target title="Debug">
				<Option output="../Bin/abserv_d" prefix_auto="1" extension_auto="1" />
				<Option object_output="obj/Debug/" />
				<Option type="1" />
				<Option compiler="clang" />
				<Compiler>
					<Add option="-g" />
					<Add option="-D_DEBUG" />
				</Compiler>
				<Linker>
					<Add directory="../Lib/x64/Debug" />
				</Linker>
			</Target>
			<Target title="Release">
				<Option output="../Bin/abserv" prefix_auto="1" extension_auto="1" />
				<Option object_output="obj/Release/" />
				<Option type="1" />
				<Option compiler="clang" />
				<Compiler>
					<Add option="-O3" />
					<Add option="-DNDEBUG" />
				</Compiler>
				<Linker>
					<Add option="-s" />
					<Add directory="../Lib/x64/Release" />
				</Linker>
			</Target>
		</Build>
		<Compiler>
			<Add option="-m64" />
			<Add option="-Wall" />
			<Add option="-fexceptions" />
			<Add option="-std=c++17" />
			<Add directory="../Include/recastnavigation" />
			<Add directory="../Include/ai" />
			<Add directory="../Include/XMath" />
			<Add directory="../absmath/absmath" />
			<Add directory="../abscommon/abscommon" />
			<Add directory="../Include" />
		</Compiler>
		<Linker>
			<Add option="-m64" />
			<Add library="pthread" />
			<Add library="lua" />
			<Add library="uuid" />
			<Add library="absmath" />
			<Add library="abscommon" />
			<Add library="abcrypto" />
			<Add library="pugixml" />
			<Add library="detour" />
			<Add library="stdc++fs" />
		</Linker>
		<Unit filename="abserv/Actor.cpp" />
		<Unit filename="abserv/Actor.h" />
		<Unit filename="abserv/AiCharacter.cpp" />
		<Unit filename="abserv/AiCharacter.h" />
		<Unit filename="abserv/AiLoader.h" />
		<Unit filename="abserv/AiRegistry.cpp" />
		<Unit filename="abserv/AiRegistry.h" />
		<Unit filename="abserv/AiTask.h" />
		<Unit filename="abserv/Application.cpp" />
		<Unit filename="abserv/Application.h" />
		<Unit filename="abserv/AreaOfEffect.cpp" />
		<Unit filename="abserv/AreaOfEffect.h" />
		<Unit filename="abserv/Asset.cpp" />
		<Unit filename="abserv/Asset.h" />
		<Unit filename="abserv/AttackComp.cpp" />
		<Unit filename="abserv/AttackComp.h" />
		<Unit filename="abserv/Attributes.h" />
		<Unit filename="abserv/AutoRunComp.cpp" />
		<Unit filename="abserv/AutoRunComp.h" />
		<Unit filename="abserv/Chat.cpp" />
		<Unit filename="abserv/Chat.h" />
		<Unit filename="abserv/CollisionComp.cpp" />
		<Unit filename="abserv/CollisionComp.h" />
		<Unit filename="abserv/Config.h" />
		<Unit filename="abserv/ConfigManager.cpp" />
		<Unit filename="abserv/ConfigManager.h" />
		<Unit filename="abserv/CrowdAgent.cpp" />
		<Unit filename="abserv/CrowdAgent.h" />
		<Unit filename="abserv/CrowdManager.cpp" />
		<Unit filename="abserv/CrowdManager.h" />
		<Unit filename="abserv/Damage.h" />
		<Unit filename="abserv/DamageComp.cpp" />
		<Unit filename="abserv/DamageComp.h" />
		<Unit filename="abserv/DataProvider.cpp" />
		<Unit filename="abserv/DataProvider.h" />
		<Unit filename="abserv/Effect.cpp" />
		<Unit filename="abserv/Effect.h" />
		<Unit filename="abserv/EffectManager.cpp" />
		<Unit filename="abserv/EffectManager.h" />
		<Unit filename="abserv/EffectsComp.cpp" />
		<Unit filename="abserv/EffectsComp.h" />
		<Unit filename="abserv/FriendList.cpp" />
		<Unit filename="abserv/FriendList.h" />
		<Unit filename="abserv/Game.cpp" />
		<Unit filename="abserv/Game.h" />
		<Unit filename="abserv/GameManager.cpp" />
		<Unit filename="abserv/GameManager.h" />
		<Unit filename="abserv/GameObject.cpp" />
		<Unit filename="abserv/GameObject.h" />
		<Unit filename="abserv/GameStream.cpp" />
		<Unit filename="abserv/GameStream.h" />
		<Unit filename="abserv/HealComp.cpp" />
		<Unit filename="abserv/HealComp.h" />
		<Unit filename="abserv/IOAccount.cpp" />
		<Unit filename="abserv/IOAccount.h" />
		<Unit filename="abserv/IOAsset.h" />
		<Unit filename="abserv/IOFriendList.cpp" />
		<Unit filename="abserv/IOFriendList.h" />
		<Unit filename="abserv/IOGame.cpp" />
		<Unit filename="abserv/IOGame.h" />
		<Unit filename="abserv/IOGuild.cpp" />
		<Unit filename="abserv/IOGuild.h" />
		<Unit filename="abserv/IOItem.cpp" />
		<Unit filename="abserv/IOItem.h" />
		<Unit filename="abserv/IOMail.cpp" />
		<Unit filename="abserv/IOMail.h" />
		<Unit filename="abserv/IOMap.cpp" />
		<Unit filename="abserv/IOMap.h" />
		<Unit filename="abserv/IOModel.cpp" />
		<Unit filename="abserv/IOModel.h" />
		<Unit filename="abserv/IONavMesh.cpp" />
		<Unit filename="abserv/IONavMesh.h" />
		<Unit filename="abserv/IOPlayer.cpp" />
		<Unit filename="abserv/IOPlayer.h" />
		<Unit filename="abserv/IOScript.cpp" />
		<Unit filename="abserv/IOScript.h" />
		<Unit filename="abserv/IOTerrain.cpp" />
		<Unit filename="abserv/IOTerrain.h" />
		<Unit filename="abserv/InputComp.cpp" />
		<Unit filename="abserv/InputComp.h" />
		<Unit filename="abserv/InputQueue.cpp" />
		<Unit filename="abserv/InputQueue.h" />
		<Unit filename="abserv/InventoryComp.cpp" />
		<Unit filename="abserv/InventoryComp.h" />
		<Unit filename="abserv/Item.cpp" />
		<Unit filename="abserv/Item.h" />
		<Unit filename="abserv/ItemDrop.cpp" />
		<Unit filename="abserv/ItemDrop.h" />
		<Unit filename="abserv/ItemFactory.cpp" />
		<Unit filename="abserv/ItemFactory.h" />
		<Unit filename="abserv/ItemStats.cpp" />
		<Unit filename="abserv/ItemStats.h" />
		<Unit filename="abserv/MailBox.cpp" />
		<Unit filename="abserv/MailBox.h" />
		<Unit filename="abserv/Maintenance.cpp" />
		<Unit filename="abserv/Maintenance.h" />
		<Unit filename="abserv/Map.cpp" />
		<Unit filename="abserv/Map.h" />
		<Unit filename="abserv/Mechanic.h" />
		<Unit filename="abserv/MessageDispatcher.cpp" />
		<Unit filename="abserv/MessageDispatcher.h" />
		<Unit filename="abserv/Model.cpp" />
		<Unit filename="abserv/Model.h" />
		<Unit filename="abserv/MoveComp.cpp" />
		<Unit filename="abserv/MoveComp.h" />
		<Unit filename="abserv/NavigationMesh.cpp" />
		<Unit filename="abserv/NavigationMesh.h" />
		<Unit filename="abserv/Npc.cpp" />
		<Unit filename="abserv/Npc.h" />
		<Unit filename="abserv/Obstacle.cpp" />
		<Unit filename="abserv/Obstacle.h" />
		<Unit filename="abserv/Octree.cpp" />
		<Unit filename="abserv/Octree.h" />
		<Unit filename="abserv/OctreeQuery.cpp" />
		<Unit filename="abserv/OctreeQuery.h" />
		<Unit filename="abserv/OffMeshConnection.cpp" />
		<Unit filename="abserv/OffMeshConnection.h" />
		<Unit filename="abserv/Party.cpp" />
		<Unit filename="abserv/Party.h" />
		<Unit filename="abserv/PartyManager.cpp" />
		<Unit filename="abserv/PartyManager.h" />
		<Unit filename="abserv/Player.cpp" />
		<Unit filename="abserv/Player.h" />
		<Unit filename="abserv/PlayerManager.cpp" />
		<Unit filename="abserv/PlayerManager.h" />
		<Unit filename="abserv/ProgressComp.cpp" />
		<Unit filename="abserv/ProgressComp.h" />
		<Unit filename="abserv/ProtocolGame.cpp" />
		<Unit filename="abserv/ProtocolGame.h" />
		<Unit filename="abserv/Quest.cpp" />
		<Unit filename="abserv/Quest.h" />
		<Unit filename="abserv/QuestComp.cpp" />
		<Unit filename="abserv/QuestComp.h" />
		<Unit filename="abserv/ResourceComp.cpp" />
		<Unit filename="abserv/ResourceComp.h" />
		<Unit filename="abserv/SceneViewer.cpp" />
		<Unit filename="abserv/SceneViewer.h" />
		<Unit filename="abserv/Script.cpp" />
		<Unit filename="abserv/Script.h" />
		<Unit filename="abserv/ScriptManager.cpp" />
		<Unit filename="abserv/ScriptManager.h" />
		<Unit filename="abserv/Skill.cpp" />
		<Unit filename="abserv/Skill.h" />
		<Unit filename="abserv/SkillBar.cpp" />
		<Unit filename="abserv/SkillBar.h" />
		<Unit filename="abserv/SkillManager.cpp" />
		<Unit filename="abserv/SkillManager.h" />
		<Unit filename="abserv/SkillsComp.cpp" />
		<Unit filename="abserv/SkillsComp.h" />
		<Unit filename="abserv/StateComp.cpp" />
		<Unit filename="abserv/StateComp.h" />
		<Unit filename="abserv/TemplateEncoder.cpp" />
		<Unit filename="abserv/TemplateEncoder.h" />
		<Unit filename="abserv/Terrain.cpp" />
		<Unit filename="abserv/Terrain.h" />
		<Unit filename="abserv/TerrainPatch.cpp" />
		<Unit filename="abserv/TerrainPatch.h" />
		<Unit filename="abserv/TriggerComp.cpp" />
		<Unit filename="abserv/TriggerComp.h" />
		<Unit filename="abserv/Version.h" />
		<Unit filename="abserv/actions/AiAttackSelection.h" />
		<Unit filename="abserv/actions/AiDie.h" />
		<Unit filename="abserv/actions/AiGoHome.h" />
		<Unit filename="abserv/actions/AiHealOther.h" />
		<Unit filename="abserv/actions/AiHealSelf.h" />
		<Unit filename="abserv/actions/AiMoveTo.h" />
		<Unit filename="abserv/actions/AiResurrectSelection.h" />
		<Unit filename="abserv/conditions/AiIsAllyHealthCritical.h" />
		<Unit filename="abserv/conditions/AiIsAllyHealthLow.h" />
		<Unit filename="abserv/conditions/AiIsAttacked.h" />
		<Unit filename="abserv/conditions/AiIsCloseToSelection.h" />
		<Unit filename="abserv/conditions/AiIsSelectionAlive.h" />
		<Unit filename="abserv/conditions/AiIsSelfHealthCritical.h" />
		<Unit filename="abserv/conditions/AiIsSelfHealthLow.h" />
		<Unit filename="abserv/filters/AiSelectAggro.cpp" />
		<Unit filename="abserv/filters/AiSelectAggro.h" />
		<Unit filename="abserv/filters/AiSelectAttackers.cpp" />
		<Unit filename="abserv/filters/AiSelectAttackers.h" />
		<Unit filename="abserv/filters/AiSelectDeadAllies.cpp" />
		<Unit filename="abserv/filters/AiSelectDeadAllies.h" />
		<Unit filename="abserv/filters/AiSelectLowHealth.cpp" />
		<Unit filename="abserv/filters/AiSelectLowHealth.h" />
		<Unit filename="abserv/filters/AiSelectVisible.cpp" />
		<Unit filename="abserv/filters/AiSelectVisible.h" />
		<Unit filename="abserv/main.cpp" />
		<Unit filename="abserv/stdafx.cpp" />
		<Unit filename="abserv/stdafx.h" />
		<Unit filename="abserv/targetver.h" />
		<Extensions>
			<envvars />
			<code_completion />
			<debugger />
		</Extensions>
	</Project>
</CodeBlocks_project_file>
