<?xml version="1.0" encoding="utf-8"?>
<Project ToolsVersion="4.0" xmlns="http://schemas.microsoft.com/developer/msbuild/2003">
  <ItemGroup>
    <Filter Include="Quelldateien">
      <UniqueIdentifier>{4FC737F1-C7A5-4376-A066-2A32D752A2FF}</UniqueIdentifier>
      <Extensions>cpp;c;cc;cxx;def;odl;idl;hpj;bat;asm;asmx</Extensions>
    </Filter>
    <Filter Include="Headerdateien">
      <UniqueIdentifier>{93995380-89BD-4b04-88EB-625FBE52EBFB}</UniqueIdentifier>
      <Extensions>h;hh;hpp;hxx;hm;inl;inc;xsd</Extensions>
    </Filter>
    <Filter Include="Ressourcendateien">
      <UniqueIdentifier>{67DA6AB6-F800-4c08-8B7A-83BB121AAD01}</UniqueIdentifier>
      <Extensions>rc;ico;cur;bmp;dlg;rc2;rct;bin;rgs;gif;jpg;jpeg;jpe;resx;tiff;tif;png;wav;mfcribbon-ms</Extensions>
    </Filter>
  </ItemGroup>
  <ItemGroup>
    <ClInclude Include="stdafx.h">
      <Filter>Headerdateien</Filter>
    </ClInclude>
    <ClInclude Include="targetver.h">
      <Filter>Headerdateien</Filter>
    </ClInclude>
    <ClInclude Include="Application.h">
      <Filter>Headerdateien</Filter>
    </ClInclude>
    <ClInclude Include="Version.h">
      <Filter>Headerdateien</Filter>
    </ClInclude>
    <ClInclude Include="Cookie.h">
      <Filter>Headerdateien</Filter>
    </ClInclude>
    <ClInclude Include="Sessions.h">
      <Filter>Headerdateien</Filter>
    </ClInclude>
    <ClInclude Include="Resource.h">
      <Filter>Headerdateien</Filter>
    </ClInclude>
    <ClInclude Include="FileResource.h">
      <Filter>Headerdateien</Filter>
    </ClInclude>
    <ClInclude Include="IndexResource.h">
      <Filter>Headerdateien</Filter>
    </ClInclude>
    <ClInclude Include="TemplateResource.h">
      <Filter>Headerdateien</Filter>
    </ClInclude>
    <ClInclude Include="ContentTypes.h">
      <Filter>Headerdateien</Filter>
    </ClInclude>
    <ClInclude Include="LoginResource.h">
      <Filter>Headerdateien</Filter>
    </ClInclude>
    <ClInclude Include="LogoutResource.h">
      <Filter>Headerdateien</Filter>
    </ClInclude>
    <ClInclude Include="ServicesResource.h">
      <Filter>Headerdateien</Filter>
    </ClInclude>
    <ClInclude Include="ServicesJsonResource.h">
      <Filter>Headerdateien</Filter>
    </ClInclude>
    <ClInclude Include="ProfileResource.h">
      <Filter>Headerdateien</Filter>
    </ClInclude>
    <ClInclude Include="ProfilePostResource.h">
      <Filter>Headerdateien</Filter>
    </ClInclude>
    <ClInclude Include="PasswordPostResource.h">
      <Filter>Headerdateien</Filter>
    </ClInclude>
    <ClInclude Include="FriendsResource.h">
      <Filter>Headerdateien</Filter>
    </ClInclude>
    <ClInclude Include="ServiceResource.h">
      <Filter>Headerdateien</Filter>
    </ClInclude>
    <ClInclude Include="SpawnResource.h">
      <Filter>Headerdateien</Filter>
    </ClInclude>
    <ClInclude Include="TerminateResource.h">
      <Filter>Headerdateien</Filter>
    </ClInclude>
    <ClInclude Include="AccountKeysResource.h">
      <Filter>Headerdateien</Filter>
    </ClInclude>
    <ClInclude Include="UpdateAccountKeyResource.h">
      <Filter>Headerdateien</Filter>
    </ClInclude>
    <ClInclude Include="CreateKeyResource.h">
      <Filter>Headerdateien</Filter>
    </ClInclude>
  </ItemGroup>
  <ItemGroup>
    <ClCompile Include="stdafx.cpp">
      <Filter>Quelldateien</Filter>
    </ClCompile>
    <ClCompile Include="Application.cpp">
      <Filter>Quelldateien</Filter>
    </ClCompile>
    <ClCompile Include="main.cpp">
      <Filter>Quelldateien</Filter>
    </ClCompile>
    <ClCompile Include="Cookie.cpp">
      <Filter>Quelldateien</Filter>
    </ClCompile>
    <ClCompile Include="Sessions.cpp">
      <Filter>Quelldateien</Filter>
    </ClCompile>
    <ClCompile Include="Resource.cpp">
      <Filter>Quelldateien</Filter>
    </ClCompile>
    <ClCompile Include="FileResource.cpp">
      <Filter>Quelldateien</Filter>
    </ClCompile>
    <ClCompile Include="IndexResource.cpp">
      <Filter>Quelldateien</Filter>
    </ClCompile>
    <ClCompile Include="TemplateResource.cpp">
      <Filter>Quelldateien</Filter>
    </ClCompile>
    <ClCompile Include="ContentTypes.cpp">
      <Filter>Quelldateien</Filter>
    </ClCompile>
    <ClCompile Include="LoginResource.cpp">
      <Filter>Quelldateien</Filter>
    </ClCompile>
    <ClCompile Include="LogoutResource.cpp">
      <Filter>Quelldateien</Filter>
    </ClCompile>
    <ClCompile Include="ServicesResource.cpp">
      <Filter>Quelldateien</Filter>
    </ClCompile>
    <ClCompile Include="ServicesJsonResource.cpp">
      <Filter>Quelldateien</Filter>
    </ClCompile>
    <ClCompile Include="ProfileResource.cpp">
      <Filter>Quelldateien</Filter>
    </ClCompile>
    <ClCompile Include="ProfilePostResource.cpp">
      <Filter>Quelldateien</Filter>
    </ClCompile>
    <ClCompile Include="PasswordPostResource.cpp">
      <Filter>Quelldateien</Filter>
    </ClCompile>
    <ClCompile Include="FriendsResource.cpp">
      <Filter>Quelldateien</Filter>
    </ClCompile>
    <ClCompile Include="ServiceResource.cpp">
      <Filter>Quelldateien</Filter>
    </ClCompile>
    <ClCompile Include="SpawnResource.cpp">
      <Filter>Quelldateien</Filter>
    </ClCompile>
    <ClCompile Include="TerminateResource.cpp">
      <Filter>Quelldateien</Filter>
    </ClCompile>
    <ClCompile Include="AccountKeysResource.cpp">
      <Filter>Quelldateien</Filter>
    </ClCompile>
    <ClCompile Include="UpdateAccountKeyResource.cpp">
      <Filter>Quelldateien</Filter>
    </ClCompile>
    <ClCompile Include="CreateKeyResource.cpp">
      <Filter>Quelldateien</Filter>
    </ClCompile>
  </ItemGroup>
</Project>