<?xml version="1.0" encoding="utf-8"?>
<Project ToolsVersion="4.0" xmlns="http://schemas.microsoft.com/developer/msbuild/2003">
  <ItemGroup>
    <Filter Include="Quelldateien">
      <UniqueIdentifier>{4FC737F1-C7A5-4376-A066-2A32D752A2FF}</UniqueIdentifier>
      <Extensions>cpp;c;cc;cxx;def;odl;idl;hpj;bat;asm;asmx</Extensions>
    </Filter>
    <Filter Include="Headerdateien">
      <UniqueIdentifier>{93995380-89BD-4b04-88EB-625FBE52EBFB}</UniqueIdentifier>
      <Extensions>h;hh;hpp;hxx;hm;inl;inc;xsd</Extensions>
    </Filter>
    <Filter Include="Ressourcendateien">
      <UniqueIdentifier>{67DA6AB6-F800-4c08-8B7A-83BB121AAD01}</UniqueIdentifier>
      <Extensions>rc;ico;cur;bmp;dlg;rc2;rct;bin;rgs;gif;jpg;jpeg;jpe;resx;tiff;tif;png;wav;mfcribbon-ms</Extensions>
    </Filter>
  </ItemGroup>
  <ItemGroup>
    <ClInclude Include="stdafx.h">
      <Filter>Headerdateien</Filter>
    </ClInclude>
    <ClInclude Include="targetver.h">
      <Filter>Headerdateien</Filter>
    </ClInclude>
    <ClInclude Include="Connection.h">
      <Filter>Headerdateien</Filter>
    </ClInclude>
    <ClInclude Include="ConnectionManager.h">
      <Filter>Headerdateien</Filter>
    </ClInclude>
    <ClInclude Include="EvictionStrategy.h">
      <Filter>Headerdateien</Filter>
    </ClInclude>
    <ClInclude Include="Server.h">
      <Filter>Headerdateien</Filter>
    </ClInclude>
    <ClInclude Include="StorageProvider.h">
      <Filter>Headerdateien</Filter>
    </ClInclude>
    <ClInclude Include="Database.h">
      <Filter>Headerdateien</Filter>
    </ClInclude>
    <ClInclude Include="DatabaseMysql.h">
      <Filter>Headerdateien</Filter>
    </ClInclude>
    <ClInclude Include="DatabaseOdbc.h">
      <Filter>Headerdateien</Filter>
    </ClInclude>
    <ClInclude Include="DatabasePgsql.h">
      <Filter>Headerdateien</Filter>
    </ClInclude>
    <ClInclude Include="DatabaseSqlite.h">
      <Filter>Headerdateien</Filter>
    </ClInclude>
    <ClInclude Include="DBAccount.h">
      <Filter>Headerdateien</Filter>
    </ClInclude>
    <ClInclude Include="Version.h">
      <Filter>Headerdateien</Filter>
    </ClInclude>
    <ClInclude Include="DBCharacter.h">
      <Filter>Headerdateien</Filter>
    </ClInclude>
    <ClInclude Include="DBGame.h">
      <Filter>Headerdateien</Filter>
    </ClInclude>
    <ClInclude Include="DBAccountBan.h">
      <Filter>Headerdateien</Filter>
    </ClInclude>
    <ClInclude Include="DBIpBan.h">
      <Filter>Headerdateien</Filter>
    </ClInclude>
    <ClInclude Include="DBBan.h">
      <Filter>Headerdateien</Filter>
    </ClInclude>
    <ClInclude Include="DBFriendList.h">
      <Filter>Headerdateien</Filter>
    </ClInclude>
    <ClInclude Include="DBAccountKey.h">
      <Filter>Headerdateien</Filter>
    </ClInclude>
    <ClInclude Include="DBAccountKeyAccounts.h">
      <Filter>Headerdateien</Filter>
    </ClInclude>
    <ClInclude Include="DBGameList.h">
      <Filter>Headerdateien</Filter>
    </ClInclude>
    <ClInclude Include="DBAll.h">
      <Filter>Headerdateien</Filter>
    </ClInclude>
    <ClInclude Include="DBMail.h">
      <Filter>Headerdateien</Filter>
    </ClInclude>
    <ClInclude Include="DBMailList.h">
      <Filter>Headerdateien</Filter>
    </ClInclude>
    <ClInclude Include="DBProfession.h">
      <Filter>Headerdateien</Filter>
    </ClInclude>
    <ClInclude Include="DBSkill.h">
      <Filter>Headerdateien</Filter>
    </ClInclude>
    <ClInclude Include="DBEffect.h">
      <Filter>Headerdateien</Filter>
    </ClInclude>
    <ClInclude Include="DBAttribute.h">
      <Filter>Headerdateien</Filter>
    </ClInclude>
    <ClInclude Include="DBSkillList.h">
      <Filter>Headerdateien</Filter>
    </ClInclude>
    <ClInclude Include="DBEffectList.h">
      <Filter>Headerdateien</Filter>
    </ClInclude>
    <ClInclude Include="DBProfessionList.h">
      <Filter>Headerdateien</Filter>
    </ClInclude>
    <ClInclude Include="DBVersion.h">
      <Filter>Headerdateien</Filter>
    </ClInclude>
    <ClInclude Include="DBAttributeList.h">
      <Filter>Headerdateien</Filter>
    </ClInclude>
    <ClInclude Include="DBService.h">
      <Filter>Headerdateien</Filter>
    </ClInclude>
    <ClInclude Include="Application.h">
      <Filter>Headerdateien</Filter>
    </ClInclude>
    <ClInclude Include="DBServicelList.h">
      <Filter>Headerdateien</Filter>
    </ClInclude>
    <ClInclude Include="DBGuild.h">
      <Filter>Headerdateien</Filter>
    </ClInclude>
    <ClInclude Include="DBGuildMembers.h">
      <Filter>Headerdateien</Filter>
    </ClInclude>
    <ClInclude Include="DBReservedName.h">
      <Filter>Headerdateien</Filter>
    </ClInclude>
    <ClInclude Include="DBItem.h">
      <Filter>Headerdateien</Filter>
    </ClInclude>
    <ClInclude Include="DBItemList.h">
      <Filter>Headerdateien</Filter>
    </ClInclude>
  </ItemGroup>
  <ItemGroup>
    <ClCompile Include="stdafx.cpp">
      <Filter>Quelldateien</Filter>
    </ClCompile>
    <ClCompile Include="main.cpp">
      <Filter>Quelldateien</Filter>
    </ClCompile>
    <ClCompile Include="Connection.cpp">
      <Filter>Quelldateien</Filter>
    </ClCompile>
    <ClCompile Include="ConnectionManager.cpp">
      <Filter>Quelldateien</Filter>
    </ClCompile>
    <ClCompile Include="OldestInsertionEviction.cpp">
      <Filter>Quelldateien</Filter>
    </ClCompile>
    <ClCompile Include="Server.cpp">
      <Filter>Quelldateien</Filter>
    </ClCompile>
    <ClCompile Include="StorageProvider.cpp">
      <Filter>Quelldateien</Filter>
    </ClCompile>
    <ClCompile Include="Database.cpp">
      <Filter>Quelldateien</Filter>
    </ClCompile>
    <ClCompile Include="DatabaseMysql.cpp">
      <Filter>Quelldateien</Filter>
    </ClCompile>
    <ClCompile Include="DatabaseOdbc.cpp">
      <Filter>Quelldateien</Filter>
    </ClCompile>
    <ClCompile Include="DatabasePgsql.cpp">
      <Filter>Quelldateien</Filter>
    </ClCompile>
    <ClCompile Include="DatabaseSqlite.cpp">
      <Filter>Quelldateien</Filter>
    </ClCompile>
    <ClCompile Include="DBAccount.cpp">
      <Filter>Quelldateien</Filter>
    </ClCompile>
    <ClCompile Include="DBCharacter.cpp">
      <Filter>Quelldateien</Filter>
    </ClCompile>
    <ClCompile Include="DBGame.cpp">
      <Filter>Quelldateien</Filter>
    </ClCompile>
    <ClCompile Include="DBAccountBan.cpp">
      <Filter>Quelldateien</Filter>
    </ClCompile>
    <ClCompile Include="DBIpBan.cpp">
      <Filter>Quelldateien</Filter>
    </ClCompile>
    <ClCompile Include="DBBan.cpp">
      <Filter>Quelldateien</Filter>
    </ClCompile>
    <ClCompile Include="DBFriendList.cpp">
      <Filter>Quelldateien</Filter>
    </ClCompile>
    <ClCompile Include="DBAccountKey.cpp">
      <Filter>Quelldateien</Filter>
    </ClCompile>
    <ClCompile Include="DBAccountKeyAccounts.cpp">
      <Filter>Quelldateien</Filter>
    </ClCompile>
    <ClCompile Include="DBGameList.cpp">
      <Filter>Quelldateien</Filter>
    </ClCompile>
    <ClCompile Include="DBMail.cpp">
      <Filter>Quelldateien</Filter>
    </ClCompile>
    <ClCompile Include="DBMailList.cpp">
      <Filter>Quelldateien</Filter>
    </ClCompile>
    <ClCompile Include="DBProfession.cpp">
      <Filter>Quelldateien</Filter>
    </ClCompile>
    <ClCompile Include="DBSkill.cpp">
      <Filter>Quelldateien</Filter>
    </ClCompile>
    <ClCompile Include="DBEffect.cpp">
      <Filter>Quelldateien</Filter>
    </ClCompile>
    <ClCompile Include="DBAttribute.cpp">
      <Filter>Quelldateien</Filter>
    </ClCompile>
    <ClCompile Include="DBSkillList.cpp">
      <Filter>Quelldateien</Filter>
    </ClCompile>
    <ClCompile Include="DBEffectList.cpp">
      <Filter>Quelldateien</Filter>
    </ClCompile>
    <ClCompile Include="DBProfessionList.cpp">
      <Filter>Quelldateien</Filter>
    </ClCompile>
    <ClCompile Include="DBVersion.cpp">
      <Filter>Quelldateien</Filter>
    </ClCompile>
    <ClCompile Include="DBAttributeList.cpp">
      <Filter>Quelldateien</Filter>
    </ClCompile>
    <ClCompile Include="DBService.cpp">
      <Filter>Quelldateien</Filter>
    </ClCompile>
    <ClCompile Include="Application.cpp">
      <Filter>Quelldateien</Filter>
    </ClCompile>
    <ClCompile Include="DBServicelList.cpp">
      <Filter>Quelldateien</Filter>
    </ClCompile>
    <ClCompile Include="DBGuild.cpp">
      <Filter>Quelldateien</Filter>
    </ClCompile>
    <ClCompile Include="DBGuildMembers.cpp">
      <Filter>Quelldateien</Filter>
    </ClCompile>
    <ClCompile Include="DBReservedName.cpp">
      <Filter>Quelldateien</Filter>
    </ClCompile>
    <ClCompile Include="DBItem.cpp">
      <Filter>Quelldateien</Filter>
    </ClCompile>
    <ClCompile Include="DBItemList.cpp">
      <Filter>Quelldateien</Filter>
    </ClCompile>
  </ItemGroup>
</Project>