<?xml version="1.0" encoding="UTF-8" standalone="yes" ?>
<CodeBlocks_project_file>
	<FileVersion major="1" minor="6" />
	<Project>
		<Option title="abfile" />
		<Option pch_mode="2" />
		<Option compiler="clang" />
		<Build>
			<Target title="Debug x64">
				<Option output="../../Bin/abfile_d" prefix_auto="1" extension_auto="1" />
				<Option object_output="Debug/" />
				<Option deps_output="../../Bin/" />
				<Option type="0" />
				<Option compiler="clang" />
				<Compiler>
					<Add option="-std=c++14" />
					<Add directory="C:/local/boost_1_63_0/" />
					<Add directory="../../absall/../Include/" />
					<Add directory="../../absall/../abscommon/abscommon/" />
				</Compiler>
				<Linker>
					<Add option="/debug" />
					<Add library="lua.lib" />
					<Add library="abcrypto.lib" />
					<Add library="PugiXml.lib" />
					<Add library="libeay32.lib" />
					<Add library="ssleay32.lib" />
					<Add library="winmm.lib" />
					<Add library="comctl32.lib" />
					<Add library="kernel32.lib" />
					<Add library="user32.lib" />
					<Add library="gdi32.lib" />
					<Add library="winspool.lib" />
					<Add library="comdlg32.lib" />
					<Add library="advapi32.lib" />
					<Add library="shell32.lib" />
					<Add library="ole32.lib" />
					<Add library="oleaut32.lib" />
					<Add library="uuid.lib" />
					<Add library="odbc32.lib" />
					<Add library="odbccp32.lib" />
					<Add directory="../../absall/../Lib/x64/Debug/" />
					<Add directory="c:/local/boost_1_63_0/lib64-msvc-14.0/" />
				</Linker>
			</Target>
			<Target title="Release x64">
				<Option output="../../Bin/abfile" prefix_auto="1" extension_auto="1" />
				<Option object_output="Release/" />
				<Option deps_output="../../Bin/" />
				<Option type="0" />
				<Option compiler="clang" />
				<Compiler>
					<Add option="/D_UNICODE /DUNICODE" />
					<Add option="/D_CRT_SECURE_NO_WARNINGS" />
					<Add option="/DNDEBUG" />
					<Add option="/D_CONSOLE" />
					<Add option="/D_SCL_SECURE_NO_WARNINGS" />
					<Add option="/O2" />
					<Add option="/W4" />
					<Add directory="C:/local/boost_1_63_0/" />
					<Add directory="../../absall/../Include/" />
					<Add directory="../../absall/../abscommon/abscommon/" />
				</Compiler>
				<Linker>
					<Add option="/debug" />
					<Add library="lua.lib" />
					<Add library="abcrypto.lib" />
					<Add library="PugiXml.lib" />
					<Add library="libeay32.lib" />
					<Add library="ssleay32.lib" />
					<Add library="winmm.lib" />
					<Add library="comctl32.lib" />
					<Add library="kernel32.lib" />
					<Add library="user32.lib" />
					<Add library="gdi32.lib" />
					<Add library="winspool.lib" />
					<Add library="comdlg32.lib" />
					<Add library="advapi32.lib" />
					<Add library="shell32.lib" />
					<Add library="ole32.lib" />
					<Add library="oleaut32.lib" />
					<Add library="uuid.lib" />
					<Add library="odbc32.lib" />
					<Add library="odbccp32.lib" />
					<Add directory="../../absall/../Lib/x64/Release/" />
					<Add directory="c:/local/boost_1_63_0/lib64-msvc-14.0/" />
				</Linker>
			</Target>
			<Target title="Release Win32">
				<Option output="../../Bin/abfile" prefix_auto="1" extension_auto="1" />
				<Option object_output="Release/" />
				<Option deps_output="../../Bin/" />
				<Option type="0" />
				<Option compiler="clang" />
				<Compiler>
					<Add option="/D_UNICODE /DUNICODE" />
					<Add option="/D_CRT_SECURE_NO_WARNINGS" />
					<Add option="/DWIN32" />
					<Add option="/DNDEBUG" />
					<Add option="/D_CONSOLE" />
					<Add option="/O2" />
					<Add option="/W3" />
					<Add directory="C:/local/boost_1_63_0/" />
					<Add directory="../../absall/../Include/" />
					<Add directory="../../absall/../abscommon/abscommon/" />
				</Compiler>
				<Linker>
					<Add option="/debug" />
					<Add library="lua.lib" />
					<Add library="abcrypto.lib" />
					<Add library="PugiXml.lib" />
					<Add library="libeay32.lib" />
					<Add library="ssleay32.lib" />
					<Add library="winmm.lib" />
					<Add library="comctl32.lib" />
					<Add library="kernel32.lib" />
					<Add library="user32.lib" />
					<Add library="gdi32.lib" />
					<Add library="winspool.lib" />
					<Add library="comdlg32.lib" />
					<Add library="advapi32.lib" />
					<Add library="shell32.lib" />
					<Add library="ole32.lib" />
					<Add library="oleaut32.lib" />
					<Add library="uuid.lib" />
					<Add library="odbc32.lib" />
					<Add library="odbccp32.lib" />
				</Linker>
			</Target>
			<Target title="Debug Win32">
				<Option output="../../Bin/abfile" prefix_auto="1" extension_auto="1" />
				<Option object_output="Debug/" />
				<Option deps_output="../../Bin/" />
				<Option type="0" />
				<Option compiler="clang" />
				<Compiler>
					<Add option="/D_UNICODE /DUNICODE" />
					<Add option="/Zi" />
					<Add option="/D_CRT_SECURE_NO_WARNINGS" />
					<Add option="/DWIN32" />
					<Add option="/D_DEBUG" />
					<Add option="/D_CONSOLE" />
					<Add option="/Od" />
					<Add option="/W3" />
					<Add directory="C:/local/boost_1_63_0/" />
					<Add directory="../../absall/../Include/" />
					<Add directory="../../absall/../abscommon/abscommon/" />
				</Compiler>
				<Linker>
					<Add option="/debug" />
					<Add library="lua.lib" />
					<Add library="abcrypto.lib" />
					<Add library="PugiXml.lib" />
					<Add library="libeay32.lib" />
					<Add library="ssleay32.lib" />
					<Add library="winmm.lib" />
					<Add library="comctl32.lib" />
					<Add library="kernel32.lib" />
					<Add library="user32.lib" />
					<Add library="gdi32.lib" />
					<Add library="winspool.lib" />
					<Add library="comdlg32.lib" />
					<Add library="advapi32.lib" />
					<Add library="shell32.lib" />
					<Add library="ole32.lib" />
					<Add library="oleaut32.lib" />
					<Add library="uuid.lib" />
					<Add library="odbc32.lib" />
					<Add library="odbccp32.lib" />
				</Linker>
			</Target>
		</Build>
		<Compiler>
			<Add directory="." />
		</Compiler>
		<ResourceCompiler>
			<Add directory="." />
		</ResourceCompiler>
		<Linker>
			<Add option="/pdb:$(TARGET_OUTPUT_DIR)$(TARGET_OUTPUT_BASENAME).pdb" />
		</Linker>
		<Unit filename="Application.cpp" />
		<Unit filename="Application.h" />
		<Unit filename="Version.h" />
		<Unit filename="main.cpp" />
		<Unit filename="stdafx.cpp" />
		<Unit filename="stdafx.h" />
		<Unit filename="targetver.h" />
		<Extensions>
			<envvars />
			<code_completion />
			<debugger />
		</Extensions>
	</Project>
</CodeBlocks_project_file>
