<?xml version="1.0" encoding="UTF-8" standalone="yes" ?>
<CodeBlocks_project_file>
	<FileVersion major="1" minor="6" />
	<Project>
		<Option title="abserv" />
		<Option pch_mode="2" />
		<Option compiler="clang" />
		<Build>
			<Target title="Debug x64">
				<Option output="../../Bin/abserv_d" prefix_auto="1" extension_auto="1" />
				<Option object_output="Debug/" />
				<Option deps_output="../../Bin/" />
				<Option type="0" />
				<Option compiler="clang" />
				<Compiler>
					<Add option="/D_UNICODE /DUNICODE" />
					<Add option="/Zi" />
					<Add option="/D_CRT_SECURE_NO_WARNINGS" />
					<Add option="/D_DEBUG" />
					<Add option="/D_CONSOLE" />
					<Add option="/Od" />
					<Add option="/W4" />
					<Add directory="../../absall/../Include/" />
					<Add directory="../../absall/../abscommon/abscommon/" />
					<Add directory="../../absall/../absmath/absmath/" />
				</Compiler>
				<Linker>
					<Add option="/debug" />
					<Add library="lua.lib" />
					<Add library="abcrypto.lib" />
					<Add library="PugiXml.lib" />
					<Add library="Detour.lib" />
					<Add library="winmm.lib" />
					<Add library="comctl32.lib" />
					<Add library="kernel32.lib" />
					<Add library="user32.lib" />
					<Add library="gdi32.lib" />
					<Add library="winspool.lib" />
					<Add library="comdlg32.lib" />
					<Add library="advapi32.lib" />
					<Add library="shell32.lib" />
					<Add library="ole32.lib" />
					<Add library="oleaut32.lib" />
					<Add library="uuid.lib" />
					<Add library="odbc32.lib" />
					<Add library="odbccp32.lib" />
					<Add directory="../../absall/../Lib/x64/Debug/" />
				</Linker>
			</Target>
			<Target title="Release x64">
				<Option output="../../Bin/abserv" prefix_auto="1" extension_auto="1" />
				<Option object_output="Release/" />
				<Option deps_output="../../Bin/" />
				<Option type="0" />
				<Option compiler="clang" />
				<Compiler>
					<Add option="/D_UNICODE /DUNICODE" />
					<Add option="/D_CRT_SECURE_NO_WARNINGS" />
					<Add option="/DNDEBUG" />
					<Add option="/D_CONSOLE" />
					<Add option="/Ox" />
					<Add option="/W4" />
					<Add directory="../../absall/../Include/" />
					<Add directory="../../absall/../abscommon/abscommon/" />
					<Add directory="../../absall/../absmath/absmath/" />
				</Compiler>
				<Linker>
					<Add library="lua.lib" />
					<Add library="abcrypto.lib" />
					<Add library="PugiXml.lib" />
					<Add library="Detour.lib" />
					<Add library="winmm.lib" />
					<Add library="comctl32.lib" />
					<Add library="kernel32.lib" />
					<Add library="user32.lib" />
					<Add library="gdi32.lib" />
					<Add library="winspool.lib" />
					<Add library="comdlg32.lib" />
					<Add library="advapi32.lib" />
					<Add library="shell32.lib" />
					<Add library="ole32.lib" />
					<Add library="oleaut32.lib" />
					<Add library="uuid.lib" />
					<Add library="odbc32.lib" />
					<Add library="odbccp32.lib" />
					<Add directory="../../absall/../Lib/x64/Release/" />
				</Linker>
			</Target>
			<Target title="Release Win32">
				<Option output="../../absall/Release/abserv" prefix_auto="1" extension_auto="1" />
				<Option object_output="Release/" />
				<Option deps_output="../../absall/Release/" />
				<Option type="0" />
				<Option compiler="clang" />
				<Compiler>
					<Add option="/D_UNICODE /DUNICODE" />
					<Add option="/D_CRT_SECURE_NO_WARNINGS" />
					<Add option="/DWIN32" />
					<Add option="/DNDEBUG" />
					<Add option="/D_CONSOLE" />
					<Add option="/Ox" />
					<Add option="/W4" />
					<Add directory="../../absall/../Include/" />
					<Add directory="../../absall/../abscommon/abscommon/" />
					<Add directory="../../absall/../absmath/absmath/" />
				</Compiler>
				<Linker>
					<Add option="/debug" />
					<Add library="lua.lib" />
					<Add library="abcrypto.lib" />
					<Add library="PugiXml.lib" />
					<Add library="Detour.lib" />
					<Add library="winmm.lib" />
					<Add library="comctl32.lib" />
					<Add library="kernel32.lib" />
					<Add library="user32.lib" />
					<Add library="gdi32.lib" />
					<Add library="winspool.lib" />
					<Add library="comdlg32.lib" />
					<Add library="advapi32.lib" />
					<Add library="shell32.lib" />
					<Add library="ole32.lib" />
					<Add library="oleaut32.lib" />
					<Add library="uuid.lib" />
					<Add library="odbc32.lib" />
					<Add library="odbccp32.lib" />
					<Add directory="../../absall/../Lib/Win32/Release/" />
				</Linker>
			</Target>
			<Target title="Debug Win32">
				<Option output="../../absall/Debug/abserv" prefix_auto="1" extension_auto="1" />
				<Option object_output="Debug/" />
				<Option deps_output="../../absall/Debug/" />
				<Option type="0" />
				<Option compiler="clang" />
				<Compiler>
					<Add option="/D_UNICODE /DUNICODE" />
					<Add option="/Zi" />
					<Add option="/D_CRT_SECURE_NO_WARNINGS" />
					<Add option="/DWIN32" />
					<Add option="/D_DEBUG" />
					<Add option="/D_CONSOLE" />
					<Add option="/Od" />
					<Add option="/W4" />
					<Add directory="../../absall/../Include/" />
					<Add directory="../../absall/../abscommon/abscommon/" />
					<Add directory="../../absall/../absmath/absmath/" />
				</Compiler>
				<Linker>
					<Add option="/debug" />
					<Add library="lua.lib" />
					<Add library="abcrypto.lib" />
					<Add library="PugiXml.lib" />
					<Add library="Detour.lib" />
					<Add library="winmm.lib" />
					<Add library="comctl32.lib" />
					<Add library="kernel32.lib" />
					<Add library="user32.lib" />
					<Add library="gdi32.lib" />
					<Add library="winspool.lib" />
					<Add library="comdlg32.lib" />
					<Add library="advapi32.lib" />
					<Add library="shell32.lib" />
					<Add library="ole32.lib" />
					<Add library="oleaut32.lib" />
					<Add library="uuid.lib" />
					<Add library="odbc32.lib" />
					<Add library="odbccp32.lib" />
					<Add directory="../../absall/../Lib/Win32/Debug/" />
				</Linker>
			</Target>
		</Build>
		<Compiler>
			<Add directory="." />
		</Compiler>
		<ResourceCompiler>
			<Add directory="." />
		</ResourceCompiler>
		<Linker>
			<Add option="/pdb:$(TARGET_OUTPUT_DIR)$(TARGET_OUTPUT_BASENAME).pdb" />
		</Linker>
		<Unit filename="Actor.cpp" />
		<Unit filename="Actor.h" />
		<Unit filename="Application.cpp" />
		<Unit filename="Application.h" />
		<Unit filename="Asset.cpp" />
		<Unit filename="Asset.h" />
		<Unit filename="AutoRunComp.cpp" />
		<Unit filename="AutoRunComp.h" />
		<Unit filename="Bans.cpp" />
		<Unit filename="Bans.h" />
		<Unit filename="Chat.cpp" />
		<Unit filename="Chat.h" />
		<Unit filename="CollisionComp.cpp" />
		<Unit filename="CollisionComp.h" />
		<Unit filename="Config.h" />
		<Unit filename="ConfigManager.cpp" />
		<Unit filename="ConfigManager.h" />
		<Unit filename="CrowdAgent.cpp" />
		<Unit filename="CrowdAgent.h" />
		<Unit filename="CrowdManager.cpp" />
		<Unit filename="CrowdManager.h" />
		<Unit filename="DataProvider.cpp" />
		<Unit filename="DataProvider.h" />
		<Unit filename="Effect.cpp" />
		<Unit filename="Effect.h" />
		<Unit filename="EffectManager.cpp" />
		<Unit filename="EffectManager.h" />
		<Unit filename="FriendList.cpp" />
		<Unit filename="FriendList.h" />
		<Unit filename="Game.cpp" />
		<Unit filename="Game.h" />
		<Unit filename="GameManager.cpp" />
		<Unit filename="GameManager.h" />
		<Unit filename="GameObject.cpp" />
		<Unit filename="GameObject.h" />
		<Unit filename="GameStream.cpp" />
		<Unit filename="GameStream.h" />
		<Unit filename="IOAccount.cpp" />
		<Unit filename="IOAccount.h" />
		<Unit filename="IOAsset.h" />
		<Unit filename="IOFriendList.cpp" />
		<Unit filename="IOFriendList.h" />
		<Unit filename="IOGame.cpp" />
		<Unit filename="IOGame.h" />
		<Unit filename="IOGuild.cpp" />
		<Unit filename="IOGuild.h" />
		<Unit filename="IOMail.cpp" />
		<Unit filename="IOMail.h" />
		<Unit filename="IOMap.cpp" />
		<Unit filename="IOMap.h" />
		<Unit filename="IOModel.cpp" />
		<Unit filename="IOModel.h" />
		<Unit filename="IONavMesh.cpp" />
		<Unit filename="IONavMesh.h" />
		<Unit filename="IOPlayer.cpp" />
		<Unit filename="IOPlayer.h" />
		<Unit filename="IOScript.cpp" />
		<Unit filename="IOScript.h" />
		<Unit filename="IOTerrain.cpp" />
		<Unit filename="IOTerrain.h" />
		<Unit filename="InputQueue.cpp" />
		<Unit filename="InputQueue.h" />
		<Unit filename="MailBox.cpp" />
		<Unit filename="MailBox.h" />
		<Unit filename="Maintenance.cpp" />
		<Unit filename="Maintenance.h" />
		<Unit filename="Map.cpp" />
		<Unit filename="Map.h" />
		<Unit filename="MessageDispatcher.cpp" />
		<Unit filename="MessageDispatcher.h" />
		<Unit filename="Model.cpp" />
		<Unit filename="Model.h" />
		<Unit filename="MoveComp.cpp" />
		<Unit filename="MoveComp.h" />
		<Unit filename="NavigationMesh.cpp" />
		<Unit filename="NavigationMesh.h" />
		<Unit filename="Npc.cpp" />
		<Unit filename="Npc.h" />
		<Unit filename="Obstacle.cpp" />
		<Unit filename="Obstacle.h" />
		<Unit filename="Octree.cpp" />
		<Unit filename="Octree.h" />
		<Unit filename="OctreeQuery.cpp" />
		<Unit filename="OctreeQuery.h" />
		<Unit filename="OffMeshConnection.cpp" />
		<Unit filename="OffMeshConnection.h" />
		<Unit filename="Party.cpp" />
		<Unit filename="Party.h" />
		<Unit filename="Player.cpp" />
		<Unit filename="Player.h" />
		<Unit filename="PlayerManager.cpp" />
		<Unit filename="PlayerManager.h" />
		<Unit filename="ProtocolGame.cpp" />
		<Unit filename="ProtocolGame.h" />
		<Unit filename="Random.cpp" />
		<Unit filename="Random.h" />
		<Unit filename="Script.cpp" />
		<Unit filename="Script.h" />
		<Unit filename="ScriptManager.cpp" />
		<Unit filename="ScriptManager.h" />
		<Unit filename="Skill.cpp" />
		<Unit filename="Skill.h" />
		<Unit filename="SkillBar.cpp" />
		<Unit filename="SkillBar.h" />
		<Unit filename="SkillManager.cpp" />
		<Unit filename="SkillManager.h" />
		<Unit filename="StateComp.cpp" />
		<Unit filename="StateComp.h" />
		<Unit filename="Terrain.cpp" />
		<Unit filename="Terrain.h" />
		<Unit filename="TerrainPatch.cpp" />
		<Unit filename="TerrainPatch.h" />
		<Unit filename="main.cpp" />
		<Unit filename="stdafx.cpp" />
		<Unit filename="stdafx.h" />
		<Unit filename="targetver.h" />
		<Extensions>
			<envvars />
			<code_completion />
			<debugger />
			<lib_finder disable_auto="1" />
		</Extensions>
	</Project>
</CodeBlocks_project_file>
