<?xml version="1.0" encoding="utf-8"?>
<Project ToolsVersion="4.0" xmlns="http://schemas.microsoft.com/developer/msbuild/2003">
  <ItemGroup>
    <Filter Include="Quelldateien">
      <UniqueIdentifier>{4FC737F1-C7A5-4376-A066-2A32D752A2FF}</UniqueIdentifier>
      <Extensions>cpp;c;cc;cxx;def;odl;idl;hpj;bat;asm;asmx</Extensions>
    </Filter>
    <Filter Include="Headerdateien">
      <UniqueIdentifier>{93995380-89BD-4b04-88EB-625FBE52EBFB}</UniqueIdentifier>
      <Extensions>h;hh;hpp;hxx;hm;inl;inc;xsd</Extensions>
    </Filter>
    <Filter Include="Ressourcendateien">
      <UniqueIdentifier>{67DA6AB6-F800-4c08-8B7A-83BB121AAD01}</UniqueIdentifier>
      <Extensions>rc;ico;cur;bmp;dlg;rc2;rct;bin;rgs;gif;jpg;jpeg;jpe;resx;tiff;tif;png;wav;mfcribbon-ms</Extensions>
    </Filter>
    <Filter Include="Headerdateien\Actions">
      <UniqueIdentifier>{b26b870b-8672-40fc-aaf1-327d5cb59b5d}</UniqueIdentifier>
    </Filter>
    <Filter Include="Headerdateien\Consitions">
      <UniqueIdentifier>{3840a0ad-b5d6-4c79-87a9-2afcc935877a}</UniqueIdentifier>
    </Filter>
    <Filter Include="Headerdateien\Filters">
      <UniqueIdentifier>{add958c5-fea7-446f-9e9c-2491726f409e}</UniqueIdentifier>
    </Filter>
    <Filter Include="Quelldateien\Filters">
      <UniqueIdentifier>{5553eeb7-b00c-498a-8ce8-60b72a0b3ba4}</UniqueIdentifier>
    </Filter>
  </ItemGroup>
  <ItemGroup>
    <ClInclude Include="stdafx.h">
      <Filter>Headerdateien</Filter>
    </ClInclude>
    <ClInclude Include="targetver.h">
      <Filter>Headerdateien</Filter>
    </ClInclude>
    <ClInclude Include="Config.h">
      <Filter>Headerdateien</Filter>
    </ClInclude>
    <ClInclude Include="ProtocolGame.h">
      <Filter>Headerdateien</Filter>
    </ClInclude>
    <ClInclude Include="ConfigManager.h">
      <Filter>Headerdateien</Filter>
    </ClInclude>
    <ClInclude Include="GameManager.h">
      <Filter>Headerdateien</Filter>
    </ClInclude>
    <ClInclude Include="Game.h">
      <Filter>Headerdateien</Filter>
    </ClInclude>
    <ClInclude Include="Application.h">
      <Filter>Headerdateien</Filter>
    </ClInclude>
    <ClInclude Include="PlayerManager.h">
      <Filter>Headerdateien</Filter>
    </ClInclude>
    <ClInclude Include="Player.h">
      <Filter>Headerdateien</Filter>
    </ClInclude>
    <ClInclude Include="GameObject.h">
      <Filter>Headerdateien</Filter>
    </ClInclude>
    <ClInclude Include="IOAccount.h">
      <Filter>Headerdateien</Filter>
    </ClInclude>
    <ClInclude Include="IOPlayer.h">
      <Filter>Headerdateien</Filter>
    </ClInclude>
    <ClInclude Include="IOGuild.h">
      <Filter>Headerdateien</Filter>
    </ClInclude>
    <ClInclude Include="IOGame.h">
      <Filter>Headerdateien</Filter>
    </ClInclude>
    <ClInclude Include="Map.h">
      <Filter>Headerdateien</Filter>
    </ClInclude>
    <ClInclude Include="Asset.h">
      <Filter>Headerdateien</Filter>
    </ClInclude>
    <ClInclude Include="Effect.h">
      <Filter>Headerdateien</Filter>
    </ClInclude>
    <ClInclude Include="Skill.h">
      <Filter>Headerdateien</Filter>
    </ClInclude>
    <ClInclude Include="SkillBar.h">
      <Filter>Headerdateien</Filter>
    </ClInclude>
    <ClInclude Include="SkillManager.h">
      <Filter>Headerdateien</Filter>
    </ClInclude>
    <ClInclude Include="EffectManager.h">
      <Filter>Headerdateien</Filter>
    </ClInclude>
    <ClInclude Include="Npc.h">
      <Filter>Headerdateien</Filter>
    </ClInclude>
    <ClInclude Include="NavigationMesh.h">
      <Filter>Headerdateien</Filter>
    </ClInclude>
    <ClInclude Include="DataProvider.h">
      <Filter>Headerdateien</Filter>
    </ClInclude>
    <ClInclude Include="IONavMesh.h">
      <Filter>Headerdateien</Filter>
    </ClInclude>
    <ClInclude Include="IOAsset.h">
      <Filter>Headerdateien</Filter>
    </ClInclude>
    <ClInclude Include="Maintenance.h">
      <Filter>Headerdateien</Filter>
    </ClInclude>
    <ClInclude Include="Chat.h">
      <Filter>Headerdateien</Filter>
    </ClInclude>
    <ClInclude Include="InputQueue.h">
      <Filter>Headerdateien</Filter>
    </ClInclude>
    <ClInclude Include="Octree.h">
      <Filter>Headerdateien</Filter>
    </ClInclude>
    <ClInclude Include="OctreeQuery.h">
      <Filter>Headerdateien</Filter>
    </ClInclude>
    <ClInclude Include="MailBox.h">
      <Filter>Headerdateien</Filter>
    </ClInclude>
    <ClInclude Include="IOMail.h">
      <Filter>Headerdateien</Filter>
    </ClInclude>
    <ClInclude Include="Terrain.h">
      <Filter>Headerdateien</Filter>
    </ClInclude>
    <ClInclude Include="IOTerrain.h">
      <Filter>Headerdateien</Filter>
    </ClInclude>
    <ClInclude Include="FriendList.h">
      <Filter>Headerdateien</Filter>
    </ClInclude>
    <ClInclude Include="IOFriendList.h">
      <Filter>Headerdateien</Filter>
    </ClInclude>
    <ClInclude Include="MessageDispatcher.h">
      <Filter>Headerdateien</Filter>
    </ClInclude>
    <ClInclude Include="IOMap.h">
      <Filter>Headerdateien</Filter>
    </ClInclude>
    <ClInclude Include="Party.h">
      <Filter>Headerdateien</Filter>
    </ClInclude>
    <ClInclude Include="Model.h">
      <Filter>Headerdateien</Filter>
    </ClInclude>
    <ClInclude Include="IOModel.h">
      <Filter>Headerdateien</Filter>
    </ClInclude>
    <ClInclude Include="TerrainPatch.h">
      <Filter>Headerdateien</Filter>
    </ClInclude>
    <ClInclude Include="OffMeshConnection.h">
      <Filter>Headerdateien</Filter>
    </ClInclude>
    <ClInclude Include="MoveComp.h">
      <Filter>Headerdateien</Filter>
    </ClInclude>
    <ClInclude Include="AutoRunComp.h">
      <Filter>Headerdateien</Filter>
    </ClInclude>
    <ClInclude Include="CollisionComp.h">
      <Filter>Headerdateien</Filter>
    </ClInclude>
    <ClInclude Include="StateComp.h">
      <Filter>Headerdateien</Filter>
    </ClInclude>
    <ClInclude Include="GameStream.h">
      <Filter>Headerdateien</Filter>
    </ClInclude>
    <ClInclude Include="CrowdManager.h">
      <Filter>Headerdateien</Filter>
    </ClInclude>
    <ClInclude Include="CrowdAgent.h">
      <Filter>Headerdateien</Filter>
    </ClInclude>
    <ClInclude Include="Obstacle.h">
      <Filter>Headerdateien</Filter>
    </ClInclude>
    <ClInclude Include="ScriptManager.h">
      <Filter>Headerdateien</Filter>
    </ClInclude>
    <ClInclude Include="Actor.h">
      <Filter>Headerdateien</Filter>
    </ClInclude>
    <ClInclude Include="Script.h">
      <Filter>Headerdateien</Filter>
    </ClInclude>
    <ClInclude Include="IOScript.h">
      <Filter>Headerdateien</Filter>
    </ClInclude>
    <ClInclude Include="AiLoader.h">
      <Filter>Headerdateien</Filter>
    </ClInclude>
    <ClInclude Include="AiCharacter.h">
      <Filter>Headerdateien</Filter>
    </ClInclude>
    <ClInclude Include="AiRegistry.h">
      <Filter>Headerdateien</Filter>
    </ClInclude>
    <ClInclude Include="AiTask.h">
      <Filter>Headerdateien</Filter>
    </ClInclude>
    <ClInclude Include="actions\AiAttackOnSelection.h">
      <Filter>Headerdateien\Actions</Filter>
    </ClInclude>
    <ClInclude Include="actions\AiDie.h">
      <Filter>Headerdateien\Actions</Filter>
    </ClInclude>
    <ClInclude Include="conditions\AiIsSelectionAlive.h">
      <Filter>Headerdateien\Consitions</Filter>
    </ClInclude>
    <ClInclude Include="conditions\AiIsCloseToSelection.h">
      <Filter>Headerdateien\Consitions</Filter>
    </ClInclude>
    <ClInclude Include="filters\AiSelectVisible.h">
      <Filter>Headerdateien\Filters</Filter>
    </ClInclude>
    <ClInclude Include="actions\AiGoHome.h">
      <Filter>Headerdateien\Actions</Filter>
    </ClInclude>
    <ClInclude Include="filters\AiSelectAggro.h">
      <Filter>Headerdateien\Filters</Filter>
    </ClInclude>
    <ClInclude Include="actions\AiMoveTo.h">
      <Filter>Headerdateien\Actions</Filter>
    </ClInclude>
    <ClInclude Include="ResourceComp.h">
      <Filter>Headerdateien</Filter>
    </ClInclude>
    <ClInclude Include="AttackComp.h">
      <Filter>Headerdateien</Filter>
    </ClInclude>
    <ClInclude Include="EffectsComp.h">
      <Filter>Headerdateien</Filter>
    </ClInclude>
    <ClInclude Include="EquipComp.h">
      <Filter>Headerdateien</Filter>
    </ClInclude>
    <ClInclude Include="SkillsComp.h">
      <Filter>Headerdateien</Filter>
    </ClInclude>
    <ClInclude Include="TemplateEncoder.h">
      <Filter>Headerdateien</Filter>
    </ClInclude>
    <ClInclude Include="InputComp.h">
      <Filter>Headerdateien</Filter>
    </ClInclude>
    <ClInclude Include="PartyManager.h">
      <Filter>Headerdateien</Filter>
    </ClInclude>
    <ClInclude Include="Version.h">
      <Filter>Headerdateien</Filter>
    </ClInclude>
    <ClInclude Include="SceneViewer.h">
      <Filter>Headerdateien</Filter>
    </ClInclude>
    <ClInclude Include="DamageComp.h">
      <Filter>Headerdateien</Filter>
    </ClInclude>
    <ClInclude Include="Damage.h">
      <Filter>Headerdateien</Filter>
    </ClInclude>
  </ItemGroup>
  <ItemGroup>
    <ClCompile Include="stdafx.cpp">
      <Filter>Quelldateien</Filter>
    </ClCompile>
    <ClCompile Include="main.cpp">
      <Filter>Quelldateien</Filter>
    </ClCompile>
    <ClCompile Include="ProtocolGame.cpp">
      <Filter>Quelldateien</Filter>
    </ClCompile>
    <ClCompile Include="ConfigManager.cpp">
      <Filter>Quelldateien</Filter>
    </ClCompile>
    <ClCompile Include="GameManager.cpp">
      <Filter>Quelldateien</Filter>
    </ClCompile>
    <ClCompile Include="Game.cpp">
      <Filter>Quelldateien</Filter>
    </ClCompile>
    <ClCompile Include="Application.cpp">
      <Filter>Quelldateien</Filter>
    </ClCompile>
    <ClCompile Include="PlayerManager.cpp">
      <Filter>Quelldateien</Filter>
    </ClCompile>
    <ClCompile Include="Player.cpp">
      <Filter>Quelldateien</Filter>
    </ClCompile>
    <ClCompile Include="GameObject.cpp">
      <Filter>Quelldateien</Filter>
    </ClCompile>
    <ClCompile Include="IOAccount.cpp">
      <Filter>Quelldateien</Filter>
    </ClCompile>
    <ClCompile Include="IOPlayer.cpp">
      <Filter>Quelldateien</Filter>
    </ClCompile>
    <ClCompile Include="IOGuild.cpp">
      <Filter>Quelldateien</Filter>
    </ClCompile>
    <ClCompile Include="IOGame.cpp">
      <Filter>Quelldateien</Filter>
    </ClCompile>
    <ClCompile Include="Map.cpp">
      <Filter>Quelldateien</Filter>
    </ClCompile>
    <ClCompile Include="Asset.cpp">
      <Filter>Quelldateien</Filter>
    </ClCompile>
    <ClCompile Include="Effect.cpp">
      <Filter>Quelldateien</Filter>
    </ClCompile>
    <ClCompile Include="Skill.cpp">
      <Filter>Quelldateien</Filter>
    </ClCompile>
    <ClCompile Include="SkillBar.cpp">
      <Filter>Quelldateien</Filter>
    </ClCompile>
    <ClCompile Include="SkillManager.cpp">
      <Filter>Quelldateien</Filter>
    </ClCompile>
    <ClCompile Include="EffectManager.cpp">
      <Filter>Quelldateien</Filter>
    </ClCompile>
    <ClCompile Include="Npc.cpp">
      <Filter>Quelldateien</Filter>
    </ClCompile>
    <ClCompile Include="NavigationMesh.cpp">
      <Filter>Quelldateien</Filter>
    </ClCompile>
    <ClCompile Include="DataProvider.cpp">
      <Filter>Quelldateien</Filter>
    </ClCompile>
    <ClCompile Include="IONavMesh.cpp">
      <Filter>Quelldateien</Filter>
    </ClCompile>
    <ClCompile Include="Maintenance.cpp">
      <Filter>Quelldateien</Filter>
    </ClCompile>
    <ClCompile Include="Chat.cpp">
      <Filter>Quelldateien</Filter>
    </ClCompile>
    <ClCompile Include="InputQueue.cpp">
      <Filter>Quelldateien</Filter>
    </ClCompile>
    <ClCompile Include="Octree.cpp">
      <Filter>Quelldateien</Filter>
    </ClCompile>
    <ClCompile Include="OctreeQuery.cpp">
      <Filter>Quelldateien</Filter>
    </ClCompile>
    <ClCompile Include="MailBox.cpp">
      <Filter>Quelldateien</Filter>
    </ClCompile>
    <ClCompile Include="IOMail.cpp">
      <Filter>Quelldateien</Filter>
    </ClCompile>
    <ClCompile Include="Terrain.cpp">
      <Filter>Quelldateien</Filter>
    </ClCompile>
    <ClCompile Include="IOTerrain.cpp">
      <Filter>Quelldateien</Filter>
    </ClCompile>
    <ClCompile Include="FriendList.cpp">
      <Filter>Quelldateien</Filter>
    </ClCompile>
    <ClCompile Include="IOFriendList.cpp">
      <Filter>Quelldateien</Filter>
    </ClCompile>
    <ClCompile Include="MessageDispatcher.cpp">
      <Filter>Quelldateien</Filter>
    </ClCompile>
    <ClCompile Include="IOMap.cpp">
      <Filter>Quelldateien</Filter>
    </ClCompile>
    <ClCompile Include="Party.cpp">
      <Filter>Quelldateien</Filter>
    </ClCompile>
    <ClCompile Include="Model.cpp">
      <Filter>Quelldateien</Filter>
    </ClCompile>
    <ClCompile Include="IOModel.cpp">
      <Filter>Quelldateien</Filter>
    </ClCompile>
    <ClCompile Include="TerrainPatch.cpp">
      <Filter>Quelldateien</Filter>
    </ClCompile>
    <ClCompile Include="OffMeshConnection.cpp">
      <Filter>Quelldateien</Filter>
    </ClCompile>
    <ClCompile Include="MoveComp.cpp">
      <Filter>Quelldateien</Filter>
    </ClCompile>
    <ClCompile Include="AutoRunComp.cpp">
      <Filter>Quelldateien</Filter>
    </ClCompile>
    <ClCompile Include="CollisionComp.cpp">
      <Filter>Quelldateien</Filter>
    </ClCompile>
    <ClCompile Include="StateComp.cpp">
      <Filter>Quelldateien</Filter>
    </ClCompile>
    <ClCompile Include="GameStream.cpp">
      <Filter>Quelldateien</Filter>
    </ClCompile>
    <ClCompile Include="CrowdManager.cpp">
      <Filter>Quelldateien</Filter>
    </ClCompile>
    <ClCompile Include="CrowdAgent.cpp">
      <Filter>Quelldateien</Filter>
    </ClCompile>
    <ClCompile Include="Obstacle.cpp">
      <Filter>Quelldateien</Filter>
    </ClCompile>
    <ClCompile Include="ScriptManager.cpp">
      <Filter>Quelldateien</Filter>
    </ClCompile>
    <ClCompile Include="Actor.cpp">
      <Filter>Quelldateien</Filter>
    </ClCompile>
    <ClCompile Include="Script.cpp">
      <Filter>Quelldateien</Filter>
    </ClCompile>
    <ClCompile Include="IOScript.cpp">
      <Filter>Quelldateien</Filter>
    </ClCompile>
    <ClCompile Include="AiCharacter.cpp">
      <Filter>Quelldateien</Filter>
    </ClCompile>
    <ClCompile Include="AiRegistry.cpp">
      <Filter>Quelldateien</Filter>
    </ClCompile>
    <ClCompile Include="filters\AiSelectVisible.cpp">
      <Filter>Quelldateien\Filters</Filter>
    </ClCompile>
    <ClCompile Include="filters\AiSelectAggro.cpp">
      <Filter>Quelldateien\Filters</Filter>
    </ClCompile>
    <ClCompile Include="ResourceComp.cpp">
      <Filter>Quelldateien</Filter>
    </ClCompile>
    <ClCompile Include="AttackComp.cpp">
      <Filter>Quelldateien</Filter>
    </ClCompile>
    <ClCompile Include="EffectsComp.cpp">
      <Filter>Quelldateien</Filter>
    </ClCompile>
    <ClCompile Include="EquipComp.cpp">
      <Filter>Quelldateien</Filter>
    </ClCompile>
    <ClCompile Include="SkillsComp.cpp">
      <Filter>Quelldateien</Filter>
    </ClCompile>
    <ClCompile Include="TemplateEncoder.cpp">
      <Filter>Quelldateien</Filter>
    </ClCompile>
    <ClCompile Include="InputComp.cpp">
      <Filter>Quelldateien</Filter>
    </ClCompile>
    <ClCompile Include="PartyManager.cpp">
      <Filter>Quelldateien</Filter>
    </ClCompile>
    <ClCompile Include="SceneViewer.cpp">
      <Filter>Quelldateien</Filter>
    </ClCompile>
    <ClCompile Include="DamageComp.cpp">
      <Filter>Quelldateien</Filter>
    </ClCompile>
  </ItemGroup>
</Project>