
Microsoft Visual Studio Solution File, Format Version 12.00
# Visual Studio 14
VisualStudioVersion = 14.0.25420.1
MinimumVisualStudioVersion = 10.0.40219.1
Project("{8BC9CEB8-8B4A-11D0-8D11-00A0C91BC942}") = "abdata", "..\abdata\abdata\abdata.vcxproj", "{F605AEFE-531E-4EEC-AE14-A4E3E4AB8F88}"
EndProject
Project("{8BC9CEB8-8B4A-11D0-8D11-00A0C91BC942}") = "abscommon", "..\abscommon\abscommon\abscommon.vcxproj", "{2482B1C7-086B-4968-AA1E-2EA0D4D71225}"
EndProject
Project("{8BC9CEB8-8B4A-11D0-8D11-00A0C91BC942}") = "abfile", "..\abfile\abfile\abfile.vcxproj", "{A19A704E-DED5-45C4-B7CB-593816A77781}"
EndProject
Project("{8BC9CEB8-8B4A-11D0-8D11-00A0C91BC942}") = "ablogin", "..\ablogin\ablogin\ablogin.vcxproj", "{326A6FBB-46E5-4AFA-AAC0-5BC096703A8B}"
EndProject
Project("{8BC9CEB8-8B4A-11D0-8D11-00A0C91BC942}") = "abserv", "..\abserv\abserv\abserv.vcxproj", "{8344104E-C5F6-4998-94D0-3762C4ECD075}"
EndProject
Project("{8BC9CEB8-8B4A-11D0-8D11-00A0C91BC942}") = "abmsgs", "..\abmsgs\abmsgs\abmsgs.vcxproj", "{E208FDE6-0D36-435B-943D-0AA2055BC009}"
EndProject
Project("{8BC9CEB8-8B4A-11D0-8D11-00A0C91BC942}") = "ablb", "..\ablb\ablb\ablb.vcxproj", "{682FE35E-A52C-4524-A2A7-FD6F448BEFE2}"
EndProject
Global
	GlobalSection(SolutionConfigurationPlatforms) = preSolution
		Debug|x64 = Debug|x64
		Debug|x86 = Debug|x86
		Release|x64 = Release|x64
		Release|x86 = Release|x86
	EndGlobalSection
	GlobalSection(ProjectConfigurationPlatforms) = postSolution
		{F605AEFE-531E-4EEC-AE14-A4E3E4AB8F88}.Debug|x64.ActiveCfg = Debug|x64
		{F605AEFE-531E-4EEC-AE14-A4E3E4AB8F88}.Debug|x64.Build.0 = Debug|x64
		{F605AEFE-531E-4EEC-AE14-A4E3E4AB8F88}.Debug|x86.ActiveCfg = Debug|Win32
		{F605AEFE-531E-4EEC-AE14-A4E3E4AB8F88}.Debug|x86.Build.0 = Debug|Win32
		{F605AEFE-531E-4EEC-AE14-A4E3E4AB8F88}.Release|x64.ActiveCfg = Release|x64
		{F605AEFE-531E-4EEC-AE14-A4E3E4AB8F88}.Release|x64.Build.0 = Release|x64
		{F605AEFE-531E-4EEC-AE14-A4E3E4AB8F88}.Release|x86.ActiveCfg = Release|Win32
		{F605AEFE-531E-4EEC-AE14-A4E3E4AB8F88}.Release|x86.Build.0 = Release|Win32
		{2482B1C7-086B-4968-AA1E-2EA0D4D71225}.Debug|x64.ActiveCfg = Debug|x64
		{2482B1C7-086B-4968-AA1E-2EA0D4D71225}.Debug|x64.Build.0 = Debug|x64
		{2482B1C7-086B-4968-AA1E-2EA0D4D71225}.Debug|x86.ActiveCfg = Debug|Win32
		{2482B1C7-086B-4968-AA1E-2EA0D4D71225}.Debug|x86.Build.0 = Debug|Win32
		{2482B1C7-086B-4968-AA1E-2EA0D4D71225}.Release|x64.ActiveCfg = Release|x64
		{2482B1C7-086B-4968-AA1E-2EA0D4D71225}.Release|x64.Build.0 = Release|x64
		{2482B1C7-086B-4968-AA1E-2EA0D4D71225}.Release|x86.ActiveCfg = Release|Win32
		{2482B1C7-086B-4968-AA1E-2EA0D4D71225}.Release|x86.Build.0 = Release|Win32
		{A19A704E-DED5-45C4-B7CB-593816A77781}.Debug|x64.ActiveCfg = Debug|x64
		{A19A704E-DED5-45C4-B7CB-593816A77781}.Debug|x64.Build.0 = Debug|x64
		{A19A704E-DED5-45C4-B7CB-593816A77781}.Debug|x86.ActiveCfg = Debug|Win32
		{A19A704E-DED5-45C4-B7CB-593816A77781}.Debug|x86.Build.0 = Debug|Win32
		{A19A704E-DED5-45C4-B7CB-593816A77781}.Release|x64.ActiveCfg = Release|x64
		{A19A704E-DED5-45C4-B7CB-593816A77781}.Release|x64.Build.0 = Release|x64
		{A19A704E-DED5-45C4-B7CB-593816A77781}.Release|x86.ActiveCfg = Release|Win32
		{A19A704E-DED5-45C4-B7CB-593816A77781}.Release|x86.Build.0 = Release|Win32
		{326A6FBB-46E5-4AFA-AAC0-5BC096703A8B}.Debug|x64.ActiveCfg = Debug|x64
		{326A6FBB-46E5-4AFA-AAC0-5BC096703A8B}.Debug|x64.Build.0 = Debug|x64
		{326A6FBB-46E5-4AFA-AAC0-5BC096703A8B}.Debug|x86.ActiveCfg = Debug|Win32
		{326A6FBB-46E5-4AFA-AAC0-5BC096703A8B}.Debug|x86.Build.0 = Debug|Win32
		{326A6FBB-46E5-4AFA-AAC0-5BC096703A8B}.Release|x64.ActiveCfg = Release|x64
		{326A6FBB-46E5-4AFA-AAC0-5BC096703A8B}.Release|x64.Build.0 = Release|x64
		{326A6FBB-46E5-4AFA-AAC0-5BC096703A8B}.Release|x86.ActiveCfg = Release|Win32
		{326A6FBB-46E5-4AFA-AAC0-5BC096703A8B}.Release|x86.Build.0 = Release|Win32
		{8344104E-C5F6-4998-94D0-3762C4ECD075}.Debug|x64.ActiveCfg = Debug|x64
		{8344104E-C5F6-4998-94D0-3762C4ECD075}.Debug|x64.Build.0 = Debug|x64
		{8344104E-C5F6-4998-94D0-3762C4ECD075}.Debug|x86.ActiveCfg = Debug|Win32
		{8344104E-C5F6-4998-94D0-3762C4ECD075}.Debug|x86.Build.0 = Debug|Win32
		{8344104E-C5F6-4998-94D0-3762C4ECD075}.Release|x64.ActiveCfg = Release|x64
		{8344104E-C5F6-4998-94D0-3762C4ECD075}.Release|x64.Build.0 = Release|x64
		{8344104E-C5F6-4998-94D0-3762C4ECD075}.Release|x86.ActiveCfg = Release|Win32
		{8344104E-C5F6-4998-94D0-3762C4ECD075}.Release|x86.Build.0 = Release|Win32
		{E208FDE6-0D36-435B-943D-0AA2055BC009}.Debug|x64.ActiveCfg = Debug|x64
		{E208FDE6-0D36-435B-943D-0AA2055BC009}.Debug|x64.Build.0 = Debug|x64
		{E208FDE6-0D36-435B-943D-0AA2055BC009}.Debug|x86.ActiveCfg = Debug|Win32
		{E208FDE6-0D36-435B-943D-0AA2055BC009}.Debug|x86.Build.0 = Debug|Win32
		{E208FDE6-0D36-435B-943D-0AA2055BC009}.Release|x64.ActiveCfg = Release|x64
		{E208FDE6-0D36-435B-943D-0AA2055BC009}.Release|x64.Build.0 = Release|x64
		{E208FDE6-0D36-435B-943D-0AA2055BC009}.Release|x86.ActiveCfg = Release|Win32
		{E208FDE6-0D36-435B-943D-0AA2055BC009}.Release|x86.Build.0 = Release|Win32
		{682FE35E-A52C-4524-A2A7-FD6F448BEFE2}.Debug|x64.ActiveCfg = Debug|x64
		{682FE35E-A52C-4524-A2A7-FD6F448BEFE2}.Debug|x64.Build.0 = Debug|x64
		{682FE35E-A52C-4524-A2A7-FD6F448BEFE2}.Debug|x86.ActiveCfg = Debug|Win32
		{682FE35E-A52C-4524-A2A7-FD6F448BEFE2}.Debug|x86.Build.0 = Debug|Win32
		{682FE35E-A52C-4524-A2A7-FD6F448BEFE2}.Release|x64.ActiveCfg = Release|x64
		{682FE35E-A52C-4524-A2A7-FD6F448BEFE2}.Release|x64.Build.0 = Release|x64
		{682FE35E-A52C-4524-A2A7-FD6F448BEFE2}.Release|x86.ActiveCfg = Release|Win32
		{682FE35E-A52C-4524-A2A7-FD6F448BEFE2}.Release|x86.Build.0 = Release|Win32
	EndGlobalSection
	GlobalSection(SolutionProperties) = preSolution
		HideSolutionNode = FALSE
	EndGlobalSection
EndGlobal
