<?xml version="1.0" encoding="UTF-8" standalone="yes" ?>
<CodeBlocks_project_file>
	<FileVersion major="1" minor="6" />
	<Project>
		<Option title="abfile" />
		<Option pch_mode="2" />
		<Option compiler="clang" />
		<Build>
			<Target title="Debug">
				<Option output="../Bin/abfile_d" prefix_auto="1" extension_auto="1" />
				<Option object_output="obj/Debug/" />
				<Option type="1" />
				<Option compiler="clang" />
				<Compiler>
					<Add option="-g" />
					<Add directory="../Lib/x64/Debug" />
				</Compiler>
				<Linker>
					<Add directory="../Lib/x64/Debug" />
				</Linker>
			</Target>
			<Target title="Release">
				<Option output="../Bin/abfile" prefix_auto="1" extension_auto="1" />
				<Option object_output="obj/Release/" />
				<Option type="1" />
				<Option compiler="clang" />
				<Compiler>
					<Add option="-O3" />
					<Add directory="../Lib/x64/Release" />
				</Compiler>
				<Linker>
					<Add option="-s" />
					<Add directory="../Lib/x64/Release" />
				</Linker>
			</Target>
		</Build>
		<Compiler>
			<Add option="-m64" />
			<Add option="-Wall" />
			<Add option="-fexceptions" />
			<Add option="-std=c++17" />
			<Add directory="../Include" />
			<Add directory="../abscommon/abscommon" />
		</Compiler>
		<Linker>
			<Add option="-m64" />
			<Add option="-v" />
			<Add library="pthread" />
			<Add library="ssl" />
			<Add library="crypto" />
			<Add library="lua" />
			<Add library="uuid" />
			<Add library="abscommon" />
			<Add library="pugixml" />
			<Add library="abcrypto" />
			<Add library="libstdc++fs" />
			<Add library="abcrypto" />
		</Linker>
		<Unit filename="abfile/Application.cpp" />
		<Unit filename="abfile/Application.h" />
		<Unit filename="abfile/Version.h" />
		<Unit filename="abfile/main.cpp" />
		<Unit filename="abfile/stdafx.cpp" />
		<Unit filename="abfile/stdafx.h" />
		<Unit filename="abfile/targetver.h" />
		<Extensions>
			<envvars />
			<code_completion />
			<debugger />
			<lib_finder disable_auto="1" />
		</Extensions>
	</Project>
</CodeBlocks_project_file>
