
Microsoft Visual Studio Solution File, Format Version 12.00
# Visual Studio Version 16
VisualStudioVersion = 16.0.30128.74
MinimumVisualStudioVersion = 10.0.40219.1
Project("{8BC9CEB8-8B4A-11D0-8D11-00A0C91BC942}") = "abbots", "abbots\abbots.vcxproj", "{E891A045-7EA7-4A5D-8BC3-E7D72C79DAEA}"
EndProject
Project("{8BC9CEB8-8B4A-11D0-8D11-00A0C91BC942}") = "abscommon", "..\abscommon\abscommon\abscommon.vcxproj", "{2482B1C7-086B-4968-AA1E-2EA0D4D71225}"
EndProject
Project("{8BC9CEB8-8B4A-11D0-8D11-00A0C91BC942}") = "libabclient", "..\libabclient\libabclient\libabclient.vcxproj", "{093FA600-C39D-400D-8A12-9E71E636066A}"
EndProject
Global
	GlobalSection(SolutionConfigurationPlatforms) = preSolution
		Debug|x64 = Debug|x64
		Debug|x86 = Debug|x86
		Release|x64 = Release|x64
		Release|x86 = Release|x86
		RelNoProfiling|x64 = RelNoProfiling|x64
		RelNoProfiling|x86 = RelNoProfiling|x86
		RelWithDebInfo|x64 = RelWithDebInfo|x64
		RelWithDebInfo|x86 = RelWithDebInfo|x86
	EndGlobalSection
	GlobalSection(ProjectConfigurationPlatforms) = postSolution
		{E891A045-7EA7-4A5D-8BC3-E7D72C79DAEA}.Debug|x64.ActiveCfg = Debug|x64
		{E891A045-7EA7-4A5D-8BC3-E7D72C79DAEA}.Debug|x64.Build.0 = Debug|x64
		{E891A045-7EA7-4A5D-8BC3-E7D72C79DAEA}.Debug|x86.ActiveCfg = Debug|x64
		{E891A045-7EA7-4A5D-8BC3-E7D72C79DAEA}.Release|x64.ActiveCfg = Release|x64
		{E891A045-7EA7-4A5D-8BC3-E7D72C79DAEA}.Release|x64.Build.0 = Release|x64
		{E891A045-7EA7-4A5D-8BC3-E7D72C79DAEA}.Release|x86.ActiveCfg = Release|x64
		{E891A045-7EA7-4A5D-8BC3-E7D72C79DAEA}.RelNoProfiling|x64.ActiveCfg = Release|x64
		{E891A045-7EA7-4A5D-8BC3-E7D72C79DAEA}.RelNoProfiling|x64.Build.0 = Release|x64
		{E891A045-7EA7-4A5D-8BC3-E7D72C79DAEA}.RelNoProfiling|x86.ActiveCfg = Release|x64
		{E891A045-7EA7-4A5D-8BC3-E7D72C79DAEA}.RelNoProfiling|x86.Build.0 = Release|x64
		{E891A045-7EA7-4A5D-8BC3-E7D72C79DAEA}.RelWithDebInfo|x64.ActiveCfg = Release|x64
		{E891A045-7EA7-4A5D-8BC3-E7D72C79DAEA}.RelWithDebInfo|x64.Build.0 = Release|x64
		{E891A045-7EA7-4A5D-8BC3-E7D72C79DAEA}.RelWithDebInfo|x86.ActiveCfg = Release|x64
		{E891A045-7EA7-4A5D-8BC3-E7D72C79DAEA}.RelWithDebInfo|x86.Build.0 = Release|x64
		{2482B1C7-086B-4968-AA1E-2EA0D4D71225}.Debug|x64.ActiveCfg = Debug|x64
		{2482B1C7-086B-4968-AA1E-2EA0D4D71225}.Debug|x64.Build.0 = Debug|x64
		{2482B1C7-086B-4968-AA1E-2EA0D4D71225}.Debug|x86.ActiveCfg = Debug|x64
		{2482B1C7-086B-4968-AA1E-2EA0D4D71225}.Release|x64.ActiveCfg = Release|x64
		{2482B1C7-086B-4968-AA1E-2EA0D4D71225}.Release|x64.Build.0 = Release|x64
		{2482B1C7-086B-4968-AA1E-2EA0D4D71225}.Release|x86.ActiveCfg = Release|x64
		{2482B1C7-086B-4968-AA1E-2EA0D4D71225}.RelNoProfiling|x64.ActiveCfg = RelNoProfiling|x64
		{2482B1C7-086B-4968-AA1E-2EA0D4D71225}.RelNoProfiling|x64.Build.0 = RelNoProfiling|x64
		{2482B1C7-086B-4968-AA1E-2EA0D4D71225}.RelNoProfiling|x86.ActiveCfg = RelNoProfiling|x64
		{2482B1C7-086B-4968-AA1E-2EA0D4D71225}.RelWithDebInfo|x64.ActiveCfg = RelWithDebInfo|x64
		{2482B1C7-086B-4968-AA1E-2EA0D4D71225}.RelWithDebInfo|x64.Build.0 = RelWithDebInfo|x64
		{2482B1C7-086B-4968-AA1E-2EA0D4D71225}.RelWithDebInfo|x86.ActiveCfg = RelWithDebInfo|x64
		{093FA600-C39D-400D-8A12-9E71E636066A}.Debug|x64.ActiveCfg = Debug|x64
		{093FA600-C39D-400D-8A12-9E71E636066A}.Debug|x64.Build.0 = Debug|x64
		{093FA600-C39D-400D-8A12-9E71E636066A}.Debug|x86.ActiveCfg = Debug|Win32
		{093FA600-C39D-400D-8A12-9E71E636066A}.Debug|x86.Build.0 = Debug|Win32
		{093FA600-C39D-400D-8A12-9E71E636066A}.Release|x64.ActiveCfg = Release|x64
		{093FA600-C39D-400D-8A12-9E71E636066A}.Release|x64.Build.0 = Release|x64
		{093FA600-C39D-400D-8A12-9E71E636066A}.Release|x86.ActiveCfg = Release|Win32
		{093FA600-C39D-400D-8A12-9E71E636066A}.Release|x86.Build.0 = Release|Win32
		{093FA600-C39D-400D-8A12-9E71E636066A}.RelNoProfiling|x64.ActiveCfg = Release|x64
		{093FA600-C39D-400D-8A12-9E71E636066A}.RelNoProfiling|x64.Build.0 = Release|x64
		{093FA600-C39D-400D-8A12-9E71E636066A}.RelNoProfiling|x86.ActiveCfg = Release|Win32
		{093FA600-C39D-400D-8A12-9E71E636066A}.RelNoProfiling|x86.Build.0 = Release|Win32
		{093FA600-C39D-400D-8A12-9E71E636066A}.RelWithDebInfo|x64.ActiveCfg = Release|x64
		{093FA600-C39D-400D-8A12-9E71E636066A}.RelWithDebInfo|x64.Build.0 = Release|x64
		{093FA600-C39D-400D-8A12-9E71E636066A}.RelWithDebInfo|x86.ActiveCfg = Release|Win32
		{093FA600-C39D-400D-8A12-9E71E636066A}.RelWithDebInfo|x86.Build.0 = Release|Win32
	EndGlobalSection
	GlobalSection(SolutionProperties) = preSolution
		HideSolutionNode = FALSE
	EndGlobalSection
	GlobalSection(ExtensibilityGlobals) = postSolution
		SolutionGuid = {F14950EA-62A2-47B5-A3AB-7216746FD82B}
	EndGlobalSection
EndGlobal
